// !$*UTF8*$!
{
	archiveVersion = 1;
	classes = {
	};
	objectVersion = 56;
	objects = {

/* Begin PBXBuildFile section */
		08012CF62C25C27E000C9418 /* Format.swift in Sources */ = {isa = PBXBuildFile; fileRef = 08012CF52C25C27E000C9418 /* Format.swift */; };
		080F40692C241DC60085CA65 /* DewormingTreatmentListRow.swift in Sources */ = {isa = PBXBuildFile; fileRef = 080F40682C241DC60085CA65 /* DewormingTreatmentListRow.swift */; };
		080F406F2C246FDC0085CA65 /* DewormingTreatmentDetail.swift in Sources */ = {isa = PBXBuildFile; fileRef = 080F406E2C246FDC0085CA65 /* DewormingTreatmentDetail.swift */; };
		083DAC532C33F4D1001EDAA7 /* VaccineType.swift in Sources */ = {isa = PBXBuildFile; fileRef = 083DAC522C33F4D1001EDAA7 /* VaccineType.swift */; };
		083DAC552C33F628001EDAA7 /* Vaccine+SampleData.swift in Sources */ = {isa = PBXBuildFile; fileRef = 083DAC542C33F628001EDAA7 /* Vaccine+SampleData.swift */; };
		083DAC582C33FE88001EDAA7 /* VaccineList.swift in Sources */ = {isa = PBXBuildFile; fileRef = 083DAC572C33FE88001EDAA7 /* VaccineList.swift */; };
		083DAC5A2C3400DA001EDAA7 /* VaccineListEmpty.swift in Sources */ = {isa = PBXBuildFile; fileRef = 083DAC592C3400DA001EDAA7 /* VaccineListEmpty.swift */; };
		083DAC5E2C3406C7001EDAA7 /* VaccineListRow.swift in Sources */ = {isa = PBXBuildFile; fileRef = 083DAC5D2C3406C7001EDAA7 /* VaccineListRow.swift */; };
		083DAC602C34107D001EDAA7 /* VaccineDetail.swift in Sources */ = {isa = PBXBuildFile; fileRef = 083DAC5F2C34107D001EDAA7 /* VaccineDetail.swift */; };
		087F5B562C131CF9005A7083 /* VerificationCheckMark.swift in Sources */ = {isa = PBXBuildFile; fileRef = 087F5B552C131CF9005A7083 /* VerificationCheckMark.swift */; };
		087F5B582C1350A0005A7083 /* Pet+Validation.swift in Sources */ = {isa = PBXBuildFile; fileRef = 087F5B572C1350A0005A7083 /* Pet+Validation.swift */; };
		08833FF22C09CABB000FD0BF /* Pet.swift in Sources */ = {isa = PBXBuildFile; fileRef = 08833FD92C09CABB000FD0BF /* Pet.swift */; };
		08833FF32C09CABB000FD0BF /* PetSex.swift in Sources */ = {isa = PBXBuildFile; fileRef = 08833FDA2C09CABB000FD0BF /* PetSex.swift */; };
		08833FF42C09CABB000FD0BF /* PetSpecies.swift in Sources */ = {isa = PBXBuildFile; fileRef = 08833FDB2C09CABB000FD0BF /* PetSpecies.swift */; };
		08833FF52C09CABB000FD0BF /* TimePeriod.swift in Sources */ = {isa = PBXBuildFile; fileRef = 08833FDC2C09CABB000FD0BF /* TimePeriod.swift */; };
		08833FF62C09CABB000FD0BF /* Weight.swift in Sources */ = {isa = PBXBuildFile; fileRef = 08833FDD2C09CABB000FD0BF /* Weight.swift */; };
		08833FF72C09CABB000FD0BF /* Preview Assets.xcassets in Resources */ = {isa = PBXBuildFile; fileRef = 08833FDF2C09CABB000FD0BF /* Preview Assets.xcassets */; };
		08833FF82C09CABB000FD0BF /* SampleData.swift in Sources */ = {isa = PBXBuildFile; fileRef = 08833FE12C09CABB000FD0BF /* SampleData.swift */; };
		08833FF92C09CABB000FD0BF /* PetCard.swift in Sources */ = {isa = PBXBuildFile; fileRef = 08833FE32C09CABB000FD0BF /* PetCard.swift */; };
		08833FFB2C09CABB000FD0BF /* WeightDetail.swift in Sources */ = {isa = PBXBuildFile; fileRef = 08833FE52C09CABB000FD0BF /* WeightDetail.swift */; };
		08833FFC2C09CABB000FD0BF /* PetChipBarcode.swift in Sources */ = {isa = PBXBuildFile; fileRef = 08833FE62C09CABB000FD0BF /* PetChipBarcode.swift */; };
		08833FFD2C09CABB000FD0BF /* ChipIDType.swift in Sources */ = {isa = PBXBuildFile; fileRef = 08833FE72C09CABB000FD0BF /* ChipIDType.swift */; };
		08833FFF2C09CABB000FD0BF /* PetListNoPets.swift in Sources */ = {isa = PBXBuildFile; fileRef = 08833FE92C09CABB000FD0BF /* PetListNoPets.swift */; };
		088340002C09CABB000FD0BF /* PetDetail.swift in Sources */ = {isa = PBXBuildFile; fileRef = 08833FEA2C09CABB000FD0BF /* PetDetail.swift */; };
		088340012C09CABB000FD0BF /* PetList.swift in Sources */ = {isa = PBXBuildFile; fileRef = 08833FEB2C09CABB000FD0BF /* PetList.swift */; };
		088340022C09CABB000FD0BF /* WeightListChart.swift in Sources */ = {isa = PBXBuildFile; fileRef = 08833FEC2C09CABB000FD0BF /* WeightListChart.swift */; };
		088340032C09CABB000FD0BF /* WeightList.swift in Sources */ = {isa = PBXBuildFile; fileRef = 08833FED2C09CABB000FD0BF /* WeightList.swift */; };
		088340042C09CABB000FD0BF /* Assets.xcassets in Resources */ = {isa = PBXBuildFile; fileRef = 08833FEF2C09CABB000FD0BF /* Assets.xcassets */; };
		088340052C09CABB000FD0BF /* PetsApp.swift in Sources */ = {isa = PBXBuildFile; fileRef = 08833FF02C09CABB000FD0BF /* PetsApp.swift */; };
		088340072C0A110E000FD0BF /* PetImage.swift in Sources */ = {isa = PBXBuildFile; fileRef = 088340062C0A110E000FD0BF /* PetImage.swift */; };
		08909CF02C7F1B7500C65D5A /* Array+Weight.swift in Sources */ = {isa = PBXBuildFile; fileRef = 08909CEF2C7F1B7500C65D5A /* Array+Weight.swift */; };
		08909CF22C7F1FC400C65D5A /* Array+DewormingTreatment.swift in Sources */ = {isa = PBXBuildFile; fileRef = 08909CF12C7F1FC400C65D5A /* Array+DewormingTreatment.swift */; };
		08909CF42C7F24A800C65D5A /* Array+Vaccine.swift in Sources */ = {isa = PBXBuildFile; fileRef = 08909CF32C7F24A800C65D5A /* Array+Vaccine.swift */; };
		08909CF72C7F2B0800C65D5A /* String+Validation.swift in Sources */ = {isa = PBXBuildFile; fileRef = 08909CF62C7F2B0800C65D5A /* String+Validation.swift */; };
		089175E42C79E62E001BAC58 /* CoatTexture.swift in Sources */ = {isa = PBXBuildFile; fileRef = 089175E32C79E62E001BAC58 /* CoatTexture.swift */; };
		08953B712C35A13E008C7D86 /* Localizable.xcstrings in Resources */ = {isa = PBXBuildFile; fileRef = 08953B702C35A13E008C7D86 /* Localizable.xcstrings */; };
		08A29E382C144D2500D45D98 /* Pet+SampleData.swift in Sources */ = {isa = PBXBuildFile; fileRef = 08A29E372C144D2500D45D98 /* Pet+SampleData.swift */; };
		08A29E3A2C1451AF00D45D98 /* Weight+SampleData.swift in Sources */ = {isa = PBXBuildFile; fileRef = 08A29E392C1451AF00D45D98 /* Weight+SampleData.swift */; };
		08AE31A62C7DCBEA00A61EF9 /* cannineBreeds_es.json in Resources */ = {isa = PBXBuildFile; fileRef = 08AE31A52C7DCBEA00A61EF9 /* cannineBreeds_es.json */; };
		08AE31A82C7DE0ED00A61EF9 /* felineBreeds.json in Resources */ = {isa = PBXBuildFile; fileRef = 08AE31A72C7DE0ED00A61EF9 /* felineBreeds.json */; };
		08AE31AA2C7DE22500A61EF9 /* felineBreeds_es.json in Resources */ = {isa = PBXBuildFile; fileRef = 08AE31A92C7DE22500A61EF9 /* felineBreeds_es.json */; };
		08B584F92C16E8A90068D4B2 /* PetImageSize.swift in Sources */ = {isa = PBXBuildFile; fileRef = 08B584F82C16E8A90068D4B2 /* PetImageSize.swift */; };
		08B585032C1713A40068D4B2 /* PetBreed.swift in Sources */ = {isa = PBXBuildFile; fileRef = 08B585022C1713A40068D4B2 /* PetBreed.swift */; };
		08B585062C1718E70068D4B2 /* PetBreedDataService.swift in Sources */ = {isa = PBXBuildFile; fileRef = 08B585052C1718E70068D4B2 /* PetBreedDataService.swift */; };
		08B585082C1748690068D4B2 /* PetBreedList.swift in Sources */ = {isa = PBXBuildFile; fileRef = 08B585072C1748690068D4B2 /* PetBreedList.swift */; };
		08B5850C2C1753C80068D4B2 /* cannineBreeds_en.json in Resources */ = {isa = PBXBuildFile; fileRef = 08B5850B2C1753C80068D4B2 /* cannineBreeds_en.json */; };
		08B585102C1840740068D4B2 /* felineBreeds_en.json in Resources */ = {isa = PBXBuildFile; fileRef = 08B5850F2C1840740068D4B2 /* felineBreeds_en.json */; };
		08B585122C1849330068D4B2 /* PetBreed+SampleData.swift in Sources */ = {isa = PBXBuildFile; fileRef = 08B585112C1849330068D4B2 /* PetBreed+SampleData.swift */; };
		08B585142C1853640068D4B2 /* PetBreedListRow.swift in Sources */ = {isa = PBXBuildFile; fileRef = 08B585132C1853640068D4B2 /* PetBreedListRow.swift */; };
		08B585162C1855250068D4B2 /* PetBreedVariationList.swift in Sources */ = {isa = PBXBuildFile; fileRef = 08B585152C1855250068D4B2 /* PetBreedVariationList.swift */; };
		08B5851B2C19E9B20068D4B2 /* WeightListRow.swift in Sources */ = {isa = PBXBuildFile; fileRef = 08B5851A2C19E9B20068D4B2 /* WeightListRow.swift */; };
		08B752032C2B128E00C0D143 /* DewormingTreatmentListEmpty.swift in Sources */ = {isa = PBXBuildFile; fileRef = 08B752022C2B128E00C0D143 /* DewormingTreatmentListEmpty.swift */; };
		08CACB342C7886D40068AC60 /* RowDeleteButton.swift in Sources */ = {isa = PBXBuildFile; fileRef = 08CACB332C7886D40068AC60 /* RowDeleteButton.swift */; };
		08CACB382C78CAB40068AC60 /* cannineBreeds.json in Resources */ = {isa = PBXBuildFile; fileRef = 08CACB372C78CAB40068AC60 /* cannineBreeds.json */; };
		08CACB3A2C78D9F10068AC60 /* PetSize.swift in Sources */ = {isa = PBXBuildFile; fileRef = 08CACB392C78D9F10068AC60 /* PetSize.swift */; };
		08CACB3C2C78DA020068AC60 /* CoatType.swift in Sources */ = {isa = PBXBuildFile; fileRef = 08CACB3B2C78DA020068AC60 /* CoatType.swift */; };
		08CACB3E2C78E07D0068AC60 /* CoatLength.swift in Sources */ = {isa = PBXBuildFile; fileRef = 08CACB3D2C78E07D0068AC60 /* CoatLength.swift */; };
		08DF543B2C1C34DC003076B1 /* PetListRow.swift in Sources */ = {isa = PBXBuildFile; fileRef = 08DF543A2C1C34DC003076B1 /* PetListRow.swift */; };
		08DF543F2C1C4519003076B1 /* PetCardBreed.swift in Sources */ = {isa = PBXBuildFile; fileRef = 08DF543E2C1C4519003076B1 /* PetCardBreed.swift */; };
		08DF54412C1C46FC003076B1 /* PetCardAge.swift in Sources */ = {isa = PBXBuildFile; fileRef = 08DF54402C1C46FC003076B1 /* PetCardAge.swift */; };
		08DF54432C1C511E003076B1 /* PetCardWeight.swift in Sources */ = {isa = PBXBuildFile; fileRef = 08DF54422C1C511E003076B1 /* PetCardWeight.swift */; };
		08DF54452C1C553E003076B1 /* PetCardChipID.swift in Sources */ = {isa = PBXBuildFile; fileRef = 08DF54442C1C553E003076B1 /* PetCardChipID.swift */; };
		08DF544B2C1C80A6003076B1 /* PetImagePlaceholder.swift in Sources */ = {isa = PBXBuildFile; fileRef = 08DF544A2C1C80A6003076B1 /* PetImagePlaceholder.swift */; };
		08DF544E2C1C84A0003076B1 /* PetDetailImage.swift in Sources */ = {isa = PBXBuildFile; fileRef = 08DF544D2C1C84A0003076B1 /* PetDetailImage.swift */; };
		08EEF0CC2C22F7EF003ABFF9 /* DewormingTreatment.swift in Sources */ = {isa = PBXBuildFile; fileRef = 08EEF0CB2C22F7EF003ABFF9 /* DewormingTreatment.swift */; };
		08EEF0CE2C23212A003ABFF9 /* TreatmentUnit.swift in Sources */ = {isa = PBXBuildFile; fileRef = 08EEF0CD2C23212A003ABFF9 /* TreatmentUnit.swift */; };
		08EEF0D02C23214F003ABFF9 /* TreatmentType.swift in Sources */ = {isa = PBXBuildFile; fileRef = 08EEF0CF2C23214F003ABFF9 /* TreatmentType.swift */; };
		08EEF0D22C2322EA003ABFF9 /* Deworming+SampleData.swift in Sources */ = {isa = PBXBuildFile; fileRef = 08EEF0D12C2322EA003ABFF9 /* Deworming+SampleData.swift */; };
		08EEF0D52C2326FD003ABFF9 /* DewormingTreatmentList.swift in Sources */ = {isa = PBXBuildFile; fileRef = 08EEF0D42C2326FD003ABFF9 /* DewormingTreatmentList.swift */; };
		08FD87AB2C2C01E400CC9F9A /* WeightListEmpty.swift in Sources */ = {isa = PBXBuildFile; fileRef = 08FD87AA2C2C01E400CC9F9A /* WeightListEmpty.swift */; };
		08FD87B02C2C30F600CC9F9A /* PetCardOnFamily.swift in Sources */ = {isa = PBXBuildFile; fileRef = 08FD87AF2C2C30F600CC9F9A /* PetCardOnFamily.swift */; };
		08FD87B22C2C5F6B00CC9F9A /* PetCardName.swift in Sources */ = {isa = PBXBuildFile; fileRef = 08FD87B12C2C5F6B00CC9F9A /* PetCardName.swift */; };
		08FD87B92C2DB0B200CC9F9A /* Vaccine.swift in Sources */ = {isa = PBXBuildFile; fileRef = 08FD87B82C2DB0B200CC9F9A /* Vaccine.swift */; };
		08FD87BD2C30012F00CC9F9A /* PetBreedListEmpty.swift in Sources */ = {isa = PBXBuildFile; fileRef = 08FD87BC2C30012F00CC9F9A /* PetBreedListEmpty.swift */; };
		08FD87C92C32ACBC00CC9F9A /* ChipID.swift in Sources */ = {isa = PBXBuildFile; fileRef = 08FD87C82C32ACBC00CC9F9A /* ChipID.swift */; };
		08FD87CB2C32B97D00CC9F9A /* PetChipInfo.swift in Sources */ = {isa = PBXBuildFile; fileRef = 08FD87CA2C32B97D00CC9F9A /* PetChipInfo.swift */; };
/* End PBXBuildFile section */

/* Begin PBXFileReference section */
		08012CF52C25C27E000C9418 /* Format.swift */ = {isa = PBXFileReference; lastKnownFileType = sourcecode.swift; path = Format.swift; sourceTree = "<group>"; };
		080F40682C241DC60085CA65 /* DewormingTreatmentListRow.swift */ = {isa = PBXFileReference; lastKnownFileType = sourcecode.swift; path = DewormingTreatmentListRow.swift; sourceTree = "<group>"; };
		080F406E2C246FDC0085CA65 /* DewormingTreatmentDetail.swift */ = {isa = PBXFileReference; lastKnownFileType = sourcecode.swift; path = DewormingTreatmentDetail.swift; sourceTree = "<group>"; };
		082419E92C81BEBF008BE7D1 /* Pets.entitlements */ = {isa = PBXFileReference; lastKnownFileType = text.plist.entitlements; path = Pets.entitlements; sourceTree = "<group>"; };
		083DAC522C33F4D1001EDAA7 /* VaccineType.swift */ = {isa = PBXFileReference; lastKnownFileType = sourcecode.swift; path = VaccineType.swift; sourceTree = "<group>"; };
		083DAC542C33F628001EDAA7 /* Vaccine+SampleData.swift */ = {isa = PBXFileReference; lastKnownFileType = sourcecode.swift; path = "Vaccine+SampleData.swift"; sourceTree = "<group>"; };
		083DAC572C33FE88001EDAA7 /* VaccineList.swift */ = {isa = PBXFileReference; lastKnownFileType = sourcecode.swift; path = VaccineList.swift; sourceTree = "<group>"; };
		083DAC592C3400DA001EDAA7 /* VaccineListEmpty.swift */ = {isa = PBXFileReference; lastKnownFileType = sourcecode.swift; path = VaccineListEmpty.swift; sourceTree = "<group>"; };
		083DAC5D2C3406C7001EDAA7 /* VaccineListRow.swift */ = {isa = PBXFileReference; lastKnownFileType = sourcecode.swift; path = VaccineListRow.swift; sourceTree = "<group>"; };
		083DAC5F2C34107D001EDAA7 /* VaccineDetail.swift */ = {isa = PBXFileReference; lastKnownFileType = sourcecode.swift; path = VaccineDetail.swift; sourceTree = "<group>"; };
		087F5B552C131CF9005A7083 /* VerificationCheckMark.swift */ = {isa = PBXFileReference; lastKnownFileType = sourcecode.swift; path = VerificationCheckMark.swift; sourceTree = "<group>"; };
		087F5B572C1350A0005A7083 /* Pet+Validation.swift */ = {isa = PBXFileReference; lastKnownFileType = sourcecode.swift; path = "Pet+Validation.swift"; sourceTree = "<group>"; };
		08833FD92C09CABB000FD0BF /* Pet.swift */ = {isa = PBXFileReference; fileEncoding = 4; lastKnownFileType = sourcecode.swift; path = Pet.swift; sourceTree = "<group>"; };
		08833FDA2C09CABB000FD0BF /* PetSex.swift */ = {isa = PBXFileReference; fileEncoding = 4; lastKnownFileType = sourcecode.swift; path = PetSex.swift; sourceTree = "<group>"; };
		08833FDB2C09CABB000FD0BF /* PetSpecies.swift */ = {isa = PBXFileReference; fileEncoding = 4; lastKnownFileType = sourcecode.swift; path = PetSpecies.swift; sourceTree = "<group>"; };
		08833FDC2C09CABB000FD0BF /* TimePeriod.swift */ = {isa = PBXFileReference; fileEncoding = 4; lastKnownFileType = sourcecode.swift; path = TimePeriod.swift; sourceTree = "<group>"; };
		08833FDD2C09CABB000FD0BF /* Weight.swift */ = {isa = PBXFileReference; fileEncoding = 4; lastKnownFileType = sourcecode.swift; path = Weight.swift; sourceTree = "<group>"; };
		08833FDF2C09CABB000FD0BF /* Preview Assets.xcassets */ = {isa = PBXFileReference; lastKnownFileType = folder.assetcatalog; path = "Preview Assets.xcassets"; sourceTree = "<group>"; };
		08833FE12C09CABB000FD0BF /* SampleData.swift */ = {isa = PBXFileReference; fileEncoding = 4; lastKnownFileType = sourcecode.swift; path = SampleData.swift; sourceTree = "<group>"; };
		08833FE32C09CABB000FD0BF /* PetCard.swift */ = {isa = PBXFileReference; fileEncoding = 4; lastKnownFileType = sourcecode.swift; path = PetCard.swift; sourceTree = "<group>"; };
		08833FE52C09CABB000FD0BF /* WeightDetail.swift */ = {isa = PBXFileReference; fileEncoding = 4; lastKnownFileType = sourcecode.swift; path = WeightDetail.swift; sourceTree = "<group>"; };
		08833FE62C09CABB000FD0BF /* PetChipBarcode.swift */ = {isa = PBXFileReference; fileEncoding = 4; lastKnownFileType = sourcecode.swift; path = PetChipBarcode.swift; sourceTree = "<group>"; };
		08833FE72C09CABB000FD0BF /* ChipIDType.swift */ = {isa = PBXFileReference; fileEncoding = 4; lastKnownFileType = sourcecode.swift; path = ChipIDType.swift; sourceTree = "<group>"; };
		08833FE92C09CABB000FD0BF /* PetListNoPets.swift */ = {isa = PBXFileReference; fileEncoding = 4; lastKnownFileType = sourcecode.swift; path = PetListNoPets.swift; sourceTree = "<group>"; };
		08833FEA2C09CABB000FD0BF /* PetDetail.swift */ = {isa = PBXFileReference; fileEncoding = 4; lastKnownFileType = sourcecode.swift; path = PetDetail.swift; sourceTree = "<group>"; };
		08833FEB2C09CABB000FD0BF /* PetList.swift */ = {isa = PBXFileReference; fileEncoding = 4; lastKnownFileType = sourcecode.swift; path = PetList.swift; sourceTree = "<group>"; };
		08833FEC2C09CABB000FD0BF /* WeightListChart.swift */ = {isa = PBXFileReference; fileEncoding = 4; lastKnownFileType = sourcecode.swift; path = WeightListChart.swift; sourceTree = "<group>"; };
		08833FED2C09CABB000FD0BF /* WeightList.swift */ = {isa = PBXFileReference; fileEncoding = 4; lastKnownFileType = sourcecode.swift; path = WeightList.swift; sourceTree = "<group>"; };
		08833FEF2C09CABB000FD0BF /* Assets.xcassets */ = {isa = PBXFileReference; lastKnownFileType = folder.assetcatalog; path = Assets.xcassets; sourceTree = "<group>"; };
		08833FF02C09CABB000FD0BF /* PetsApp.swift */ = {isa = PBXFileReference; fileEncoding = 4; lastKnownFileType = sourcecode.swift; path = PetsApp.swift; sourceTree = "<group>"; };
		088340062C0A110E000FD0BF /* PetImage.swift */ = {isa = PBXFileReference; lastKnownFileType = sourcecode.swift; path = PetImage.swift; sourceTree = "<group>"; };
		0887947C2BFB35E600635DB7 /* Pets.app */ = {isa = PBXFileReference; explicitFileType = wrapper.application; includeInIndex = 0; path = Pets.app; sourceTree = BUILT_PRODUCTS_DIR; };
		08909CEF2C7F1B7500C65D5A /* Array+Weight.swift */ = {isa = PBXFileReference; lastKnownFileType = sourcecode.swift; path = "Array+Weight.swift"; sourceTree = "<group>"; };
		08909CF12C7F1FC400C65D5A /* Array+DewormingTreatment.swift */ = {isa = PBXFileReference; lastKnownFileType = sourcecode.swift; path = "Array+DewormingTreatment.swift"; sourceTree = "<group>"; };
		08909CF32C7F24A800C65D5A /* Array+Vaccine.swift */ = {isa = PBXFileReference; lastKnownFileType = sourcecode.swift; path = "Array+Vaccine.swift"; sourceTree = "<group>"; };
		08909CF62C7F2B0800C65D5A /* String+Validation.swift */ = {isa = PBXFileReference; lastKnownFileType = sourcecode.swift; path = "String+Validation.swift"; sourceTree = "<group>"; };
		089175E32C79E62E001BAC58 /* CoatTexture.swift */ = {isa = PBXFileReference; lastKnownFileType = sourcecode.swift; path = CoatTexture.swift; sourceTree = "<group>"; };
		08953B702C35A13E008C7D86 /* Localizable.xcstrings */ = {isa = PBXFileReference; lastKnownFileType = text.json.xcstrings; name = Localizable.xcstrings; path = Pets/Localizable.xcstrings; sourceTree = SOURCE_ROOT; };
		08A29E372C144D2500D45D98 /* Pet+SampleData.swift */ = {isa = PBXFileReference; lastKnownFileType = sourcecode.swift; path = "Pet+SampleData.swift"; sourceTree = "<group>"; };
		08A29E392C1451AF00D45D98 /* Weight+SampleData.swift */ = {isa = PBXFileReference; lastKnownFileType = sourcecode.swift; path = "Weight+SampleData.swift"; sourceTree = "<group>"; };
		08AE31A52C7DCBEA00A61EF9 /* cannineBreeds_es.json */ = {isa = PBXFileReference; lastKnownFileType = text.json; path = cannineBreeds_es.json; sourceTree = "<group>"; };
		08AE31A72C7DE0ED00A61EF9 /* felineBreeds.json */ = {isa = PBXFileReference; lastKnownFileType = text.json; path = felineBreeds.json; sourceTree = "<group>"; };
		08AE31A92C7DE22500A61EF9 /* felineBreeds_es.json */ = {isa = PBXFileReference; lastKnownFileType = text.json; path = felineBreeds_es.json; sourceTree = "<group>"; };
		08B584F82C16E8A90068D4B2 /* PetImageSize.swift */ = {isa = PBXFileReference; lastKnownFileType = sourcecode.swift; name = PetImageSize.swift; path = Pets/Views/PetImageSize.swift; sourceTree = SOURCE_ROOT; };
		08B585022C1713A40068D4B2 /* PetBreed.swift */ = {isa = PBXFileReference; lastKnownFileType = sourcecode.swift; path = PetBreed.swift; sourceTree = "<group>"; };
		08B585052C1718E70068D4B2 /* PetBreedDataService.swift */ = {isa = PBXFileReference; lastKnownFileType = sourcecode.swift; path = PetBreedDataService.swift; sourceTree = "<group>"; };
		08B585072C1748690068D4B2 /* PetBreedList.swift */ = {isa = PBXFileReference; lastKnownFileType = sourcecode.swift; path = PetBreedList.swift; sourceTree = "<group>"; };
		08B5850B2C1753C80068D4B2 /* cannineBreeds_en.json */ = {isa = PBXFileReference; lastKnownFileType = text.json; path = cannineBreeds_en.json; sourceTree = "<group>"; };
		08B5850F2C1840740068D4B2 /* felineBreeds_en.json */ = {isa = PBXFileReference; lastKnownFileType = text.json; path = felineBreeds_en.json; sourceTree = "<group>"; };
		08B585112C1849330068D4B2 /* PetBreed+SampleData.swift */ = {isa = PBXFileReference; lastKnownFileType = sourcecode.swift; path = "PetBreed+SampleData.swift"; sourceTree = "<group>"; };
		08B585132C1853640068D4B2 /* PetBreedListRow.swift */ = {isa = PBXFileReference; lastKnownFileType = sourcecode.swift; path = PetBreedListRow.swift; sourceTree = "<group>"; };
		08B585152C1855250068D4B2 /* PetBreedVariationList.swift */ = {isa = PBXFileReference; lastKnownFileType = sourcecode.swift; path = PetBreedVariationList.swift; sourceTree = "<group>"; };
		08B5851A2C19E9B20068D4B2 /* WeightListRow.swift */ = {isa = PBXFileReference; lastKnownFileType = sourcecode.swift; path = WeightListRow.swift; sourceTree = "<group>"; };
		08B752022C2B128E00C0D143 /* DewormingTreatmentListEmpty.swift */ = {isa = PBXFileReference; lastKnownFileType = sourcecode.swift; path = DewormingTreatmentListEmpty.swift; sourceTree = "<group>"; };
		08CACB332C7886D40068AC60 /* RowDeleteButton.swift */ = {isa = PBXFileReference; lastKnownFileType = sourcecode.swift; path = RowDeleteButton.swift; sourceTree = "<group>"; };
		08CACB372C78CAB40068AC60 /* cannineBreeds.json */ = {isa = PBXFileReference; lastKnownFileType = text.json; path = cannineBreeds.json; sourceTree = "<group>"; };
		08CACB392C78D9F10068AC60 /* PetSize.swift */ = {isa = PBXFileReference; lastKnownFileType = sourcecode.swift; path = PetSize.swift; sourceTree = "<group>"; };
		08CACB3B2C78DA020068AC60 /* CoatType.swift */ = {isa = PBXFileReference; lastKnownFileType = sourcecode.swift; path = CoatType.swift; sourceTree = "<group>"; };
		08CACB3D2C78E07D0068AC60 /* CoatLength.swift */ = {isa = PBXFileReference; lastKnownFileType = sourcecode.swift; path = CoatLength.swift; sourceTree = "<group>"; };
		08DF543A2C1C34DC003076B1 /* PetListRow.swift */ = {isa = PBXFileReference; lastKnownFileType = sourcecode.swift; path = PetListRow.swift; sourceTree = "<group>"; };
		08DF543E2C1C4519003076B1 /* PetCardBreed.swift */ = {isa = PBXFileReference; lastKnownFileType = sourcecode.swift; path = PetCardBreed.swift; sourceTree = "<group>"; };
		08DF54402C1C46FC003076B1 /* PetCardAge.swift */ = {isa = PBXFileReference; lastKnownFileType = sourcecode.swift; path = PetCardAge.swift; sourceTree = "<group>"; };
		08DF54422C1C511E003076B1 /* PetCardWeight.swift */ = {isa = PBXFileReference; lastKnownFileType = sourcecode.swift; path = PetCardWeight.swift; sourceTree = "<group>"; };
		08DF54442C1C553E003076B1 /* PetCardChipID.swift */ = {isa = PBXFileReference; lastKnownFileType = sourcecode.swift; path = PetCardChipID.swift; sourceTree = "<group>"; };
		08DF544A2C1C80A6003076B1 /* PetImagePlaceholder.swift */ = {isa = PBXFileReference; lastKnownFileType = sourcecode.swift; path = PetImagePlaceholder.swift; sourceTree = "<group>"; };
		08DF544D2C1C84A0003076B1 /* PetDetailImage.swift */ = {isa = PBXFileReference; lastKnownFileType = sourcecode.swift; path = PetDetailImage.swift; sourceTree = "<group>"; };
		08EEF0CB2C22F7EF003ABFF9 /* DewormingTreatment.swift */ = {isa = PBXFileReference; lastKnownFileType = sourcecode.swift; path = DewormingTreatment.swift; sourceTree = "<group>"; };
		08EEF0CD2C23212A003ABFF9 /* TreatmentUnit.swift */ = {isa = PBXFileReference; lastKnownFileType = sourcecode.swift; path = TreatmentUnit.swift; sourceTree = "<group>"; };
		08EEF0CF2C23214F003ABFF9 /* TreatmentType.swift */ = {isa = PBXFileReference; lastKnownFileType = sourcecode.swift; path = TreatmentType.swift; sourceTree = "<group>"; };
		08EEF0D12C2322EA003ABFF9 /* Deworming+SampleData.swift */ = {isa = PBXFileReference; lastKnownFileType = sourcecode.swift; path = "Deworming+SampleData.swift"; sourceTree = "<group>"; };
		08EEF0D42C2326FD003ABFF9 /* DewormingTreatmentList.swift */ = {isa = PBXFileReference; lastKnownFileType = sourcecode.swift; path = DewormingTreatmentList.swift; sourceTree = "<group>"; };
		08FD87AA2C2C01E400CC9F9A /* WeightListEmpty.swift */ = {isa = PBXFileReference; lastKnownFileType = sourcecode.swift; path = WeightListEmpty.swift; sourceTree = "<group>"; };
		08FD87AF2C2C30F600CC9F9A /* PetCardOnFamily.swift */ = {isa = PBXFileReference; lastKnownFileType = sourcecode.swift; path = PetCardOnFamily.swift; sourceTree = "<group>"; };
		08FD87B12C2C5F6B00CC9F9A /* PetCardName.swift */ = {isa = PBXFileReference; lastKnownFileType = sourcecode.swift; path = PetCardName.swift; sourceTree = "<group>"; };
		08FD87B82C2DB0B200CC9F9A /* Vaccine.swift */ = {isa = PBXFileReference; lastKnownFileType = sourcecode.swift; path = Vaccine.swift; sourceTree = "<group>"; };
		08FD87BC2C30012F00CC9F9A /* PetBreedListEmpty.swift */ = {isa = PBXFileReference; lastKnownFileType = sourcecode.swift; path = PetBreedListEmpty.swift; sourceTree = "<group>"; };
		08FD87BE2C300C7500CC9F9A /* Notes.md */ = {isa = PBXFileReference; lastKnownFileType = net.daringfireball.markdown; path = Notes.md; sourceTree = "<group>"; };
		08FD87C82C32ACBC00CC9F9A /* ChipID.swift */ = {isa = PBXFileReference; lastKnownFileType = sourcecode.swift; path = ChipID.swift; sourceTree = "<group>"; };
		08FD87CA2C32B97D00CC9F9A /* PetChipInfo.swift */ = {isa = PBXFileReference; lastKnownFileType = sourcecode.swift; path = PetChipInfo.swift; sourceTree = "<group>"; };
/* End PBXFileReference section */

/* Begin PBXFrameworksBuildPhase section */
		088794792BFB35E600635DB7 /* Frameworks */ = {
			isa = PBXFrameworksBuildPhase;
			buildActionMask = 2147483647;
			files = (
			);
			runOnlyForDeploymentPostprocessing = 0;
		};
/* End PBXFrameworksBuildPhase section */

/* Begin PBXGroup section */
		083DAC562C33FE73001EDAA7 /* Vaccine */ = {
			isa = PBXGroup;
			children = (
				083DAC5F2C34107D001EDAA7 /* VaccineDetail.swift */,
				083DAC572C33FE88001EDAA7 /* VaccineList.swift */,
				083DAC5D2C3406C7001EDAA7 /* VaccineListRow.swift */,
				083DAC592C3400DA001EDAA7 /* VaccineListEmpty.swift */,
			);
			path = Vaccine;
			sourceTree = "<group>";
		};
		08833FDE2C09CABB000FD0BF /* Models */ = {
			isa = PBXGroup;
			children = (
				08909CEE2C7F1B5D00C65D5A /* Array */,
				08FD87C72C32AC9D00CC9F9A /* Chip */,
				08EEF0CA2C22F7D0003ABFF9 /* Deworming treatment */,
				08B585192C19E4010068D4B2 /* JSON */,
				08B585172C19E3E20068D4B2 /* Pet */,
				08909CED2C7F1B1200C65D5A /* Pet Breed */,
				08909CF52C7F2AE100C65D5A /* String */,
				08FD87B72C2DB0A200CC9F9A /* Vaccine */,
				08B585182C19E3EE0068D4B2 /* Weight */,
			);
			path = Models;
			sourceTree = "<group>";
		};
		08833FE02C09CABB000FD0BF /* Preview Content */ = {
			isa = PBXGroup;
			children = (
				08833FDF2C09CABB000FD0BF /* Preview Assets.xcassets */,
			);
			path = "Preview Content";
			sourceTree = "<group>";
		};
		08833FE22C09CABB000FD0BF /* Utitliies */ = {
			isa = PBXGroup;
			children = (
				08012CF52C25C27E000C9418 /* Format.swift */,
				08833FE12C09CABB000FD0BF /* SampleData.swift */,
			);
			path = Utitliies;
			sourceTree = "<group>";
		};
		08833FEE2C09CABB000FD0BF /* Views */ = {
			isa = PBXGroup;
			children = (
				08CACB322C78869E0068AC60 /* Common */,
				08EEF0D32C2326E1003ABFF9 /* Deworming treatment */,
				08DF54472C1C5F06003076B1 /* Pet */,
				08AE31A12C7DC7B300A61EF9 /* Pet Breed */,
				08AE31A02C7DC79100A61EF9 /* Pet Card */,
				08AE31A22C7DC7C700A61EF9 /* Pet Chip */,
				083DAC562C33FE73001EDAA7 /* Vaccine */,
				08DF54492C1C605B003076B1 /* Weight */,
			);
			path = Views;
			sourceTree = "<group>";
		};
		08833FF12C09CABB000FD0BF /* Pets */ = {
			isa = PBXGroup;
			children = (
				082419E92C81BEBF008BE7D1 /* Pets.entitlements */,
				08FD87BE2C300C7500CC9F9A /* Notes.md */,
				08953B702C35A13E008C7D86 /* Localizable.xcstrings */,
				08EEF0C92C22EE5B003ABFF9 /* Apps */,
				08866F582C0F237700455EAE /* Custom types */,
				08833FDE2C09CABB000FD0BF /* Models */,
				08B585042C1718B90068D4B2 /* Services */,
				08833FE22C09CABB000FD0BF /* Utitliies */,
				08833FEE2C09CABB000FD0BF /* Views */,
				08833FEF2C09CABB000FD0BF /* Assets.xcassets */,
				08833FE02C09CABB000FD0BF /* Preview Content */,
			);
			path = Pets;
			sourceTree = "<group>";
		};
		08866F582C0F237700455EAE /* Custom types */ = {
			isa = PBXGroup;
			children = (
				08833FE72C09CABB000FD0BF /* ChipIDType.swift */,
				08B584F82C16E8A90068D4B2 /* PetImageSize.swift */,
				08833FDA2C09CABB000FD0BF /* PetSex.swift */,
				08833FDB2C09CABB000FD0BF /* PetSpecies.swift */,
				08EEF0CF2C23214F003ABFF9 /* TreatmentType.swift */,
				08EEF0CD2C23212A003ABFF9 /* TreatmentUnit.swift */,
				08833FDC2C09CABB000FD0BF /* TimePeriod.swift */,
				083DAC522C33F4D1001EDAA7 /* VaccineType.swift */,
				08CACB392C78D9F10068AC60 /* PetSize.swift */,
				08CACB3D2C78E07D0068AC60 /* CoatLength.swift */,
				089175E32C79E62E001BAC58 /* CoatTexture.swift */,
				08CACB3B2C78DA020068AC60 /* CoatType.swift */,
			);
			path = "Custom types";
			sourceTree = "<group>";
		};
		088794732BFB35E600635DB7 = {
			isa = PBXGroup;
			children = (
				08833FF12C09CABB000FD0BF /* Pets */,
				0887947D2BFB35E600635DB7 /* Products */,
			);
			sourceTree = "<group>";
		};
		0887947D2BFB35E600635DB7 /* Products */ = {
			isa = PBXGroup;
			children = (
				0887947C2BFB35E600635DB7 /* Pets.app */,
			);
			name = Products;
			sourceTree = "<group>";
		};
		08909CED2C7F1B1200C65D5A /* Pet Breed */ = {
			isa = PBXGroup;
			children = (
				08B585022C1713A40068D4B2 /* PetBreed.swift */,
				08B585112C1849330068D4B2 /* PetBreed+SampleData.swift */,
			);
			path = "Pet Breed";
			sourceTree = "<group>";
		};
		08909CEE2C7F1B5D00C65D5A /* Array */ = {
			isa = PBXGroup;
			children = (
				08909CF12C7F1FC400C65D5A /* Array+DewormingTreatment.swift */,
				08909CF32C7F24A800C65D5A /* Array+Vaccine.swift */,
				08909CEF2C7F1B7500C65D5A /* Array+Weight.swift */,
			);
			path = Array;
			sourceTree = "<group>";
		};
		08909CF52C7F2AE100C65D5A /* String */ = {
			isa = PBXGroup;
			children = (
				08909CF62C7F2B0800C65D5A /* String+Validation.swift */,
			);
			path = String;
			sourceTree = "<group>";
		};
		08AE31A02C7DC79100A61EF9 /* Pet Card */ = {
			isa = PBXGroup;
			children = (
				08833FE32C09CABB000FD0BF /* PetCard.swift */,
				08DF54402C1C46FC003076B1 /* PetCardAge.swift */,
				08DF543E2C1C4519003076B1 /* PetCardBreed.swift */,
				08DF54442C1C553E003076B1 /* PetCardChipID.swift */,
				08FD87AF2C2C30F600CC9F9A /* PetCardOnFamily.swift */,
				08FD87B12C2C5F6B00CC9F9A /* PetCardName.swift */,
				08DF54422C1C511E003076B1 /* PetCardWeight.swift */,
			);
			path = "Pet Card";
			sourceTree = "<group>";
		};
		08AE31A12C7DC7B300A61EF9 /* Pet Breed */ = {
			isa = PBXGroup;
			children = (
				08B585072C1748690068D4B2 /* PetBreedList.swift */,
				08FD87BC2C30012F00CC9F9A /* PetBreedListEmpty.swift */,
				08B585132C1853640068D4B2 /* PetBreedListRow.swift */,
				08B585152C1855250068D4B2 /* PetBreedVariationList.swift */,
			);
			path = "Pet Breed";
			sourceTree = "<group>";
		};
		08AE31A22C7DC7C700A61EF9 /* Pet Chip */ = {
			isa = PBXGroup;
			children = (
				08833FE62C09CABB000FD0BF /* PetChipBarcode.swift */,
				08FD87CA2C32B97D00CC9F9A /* PetChipInfo.swift */,
			);
			path = "Pet Chip";
			sourceTree = "<group>";
		};
		08B585042C1718B90068D4B2 /* Services */ = {
			isa = PBXGroup;
			children = (
				08B585052C1718E70068D4B2 /* PetBreedDataService.swift */,
			);
			path = Services;
			sourceTree = "<group>";
		};
		08B585172C19E3E20068D4B2 /* Pet */ = {
			isa = PBXGroup;
			children = (
				08833FD92C09CABB000FD0BF /* Pet.swift */,
				08A29E372C144D2500D45D98 /* Pet+SampleData.swift */,
				087F5B572C1350A0005A7083 /* Pet+Validation.swift */,
			);
			path = Pet;
			sourceTree = "<group>";
		};
		08B585182C19E3EE0068D4B2 /* Weight */ = {
			isa = PBXGroup;
			children = (
				08833FDD2C09CABB000FD0BF /* Weight.swift */,
				08A29E392C1451AF00D45D98 /* Weight+SampleData.swift */,
			);
			path = Weight;
			sourceTree = "<group>";
		};
		08B585192C19E4010068D4B2 /* JSON */ = {
			isa = PBXGroup;
			children = (
				08B5850F2C1840740068D4B2 /* felineBreeds_en.json */,
				08AE31A92C7DE22500A61EF9 /* felineBreeds_es.json */,
				08AE31A72C7DE0ED00A61EF9 /* felineBreeds.json */,
				08B5850B2C1753C80068D4B2 /* cannineBreeds_en.json */,
				08AE31A52C7DCBEA00A61EF9 /* cannineBreeds_es.json */,
				08CACB372C78CAB40068AC60 /* cannineBreeds.json */,
			);
			path = JSON;
			sourceTree = "<group>";
		};
		08CACB322C78869E0068AC60 /* Common */ = {
			isa = PBXGroup;
			children = (
				08CACB332C7886D40068AC60 /* RowDeleteButton.swift */,
				087F5B552C131CF9005A7083 /* VerificationCheckMark.swift */,
			);
			path = Common;
			sourceTree = "<group>";
		};
		08DF54472C1C5F06003076B1 /* Pet */ = {
			isa = PBXGroup;
			children = (
				08833FEA2C09CABB000FD0BF /* PetDetail.swift */,
				08DF544D2C1C84A0003076B1 /* PetDetailImage.swift */,
				088340062C0A110E000FD0BF /* PetImage.swift */,
				08DF544A2C1C80A6003076B1 /* PetImagePlaceholder.swift */,
				08833FEB2C09CABB000FD0BF /* PetList.swift */,
				08833FE92C09CABB000FD0BF /* PetListNoPets.swift */,
				08DF543A2C1C34DC003076B1 /* PetListRow.swift */,
			);
			path = Pet;
			sourceTree = "<group>";
		};
		08DF54492C1C605B003076B1 /* Weight */ = {
			isa = PBXGroup;
			children = (
				08833FE52C09CABB000FD0BF /* WeightDetail.swift */,
				08833FED2C09CABB000FD0BF /* WeightList.swift */,
				08FD87AA2C2C01E400CC9F9A /* WeightListEmpty.swift */,
				08833FEC2C09CABB000FD0BF /* WeightListChart.swift */,
				08B5851A2C19E9B20068D4B2 /* WeightListRow.swift */,
			);
			path = Weight;
			sourceTree = "<group>";
		};
		08EEF0C92C22EE5B003ABFF9 /* Apps */ = {
			isa = PBXGroup;
			children = (
				08833FF02C09CABB000FD0BF /* PetsApp.swift */,
			);
			path = Apps;
			sourceTree = "<group>";
		};
		08EEF0CA2C22F7D0003ABFF9 /* Deworming treatment */ = {
			isa = PBXGroup;
			children = (
				08EEF0CB2C22F7EF003ABFF9 /* DewormingTreatment.swift */,
				08EEF0D12C2322EA003ABFF9 /* Deworming+SampleData.swift */,
			);
			path = "Deworming treatment";
			sourceTree = "<group>";
		};
		08EEF0D32C2326E1003ABFF9 /* Deworming treatment */ = {
			isa = PBXGroup;
			children = (
				080F406E2C246FDC0085CA65 /* DewormingTreatmentDetail.swift */,
				08EEF0D42C2326FD003ABFF9 /* DewormingTreatmentList.swift */,
				08B752022C2B128E00C0D143 /* DewormingTreatmentListEmpty.swift */,
				080F40682C241DC60085CA65 /* DewormingTreatmentListRow.swift */,
			);
			path = "Deworming treatment";
			sourceTree = "<group>";
		};
		08FD87B72C2DB0A200CC9F9A /* Vaccine */ = {
			isa = PBXGroup;
			children = (
				08FD87B82C2DB0B200CC9F9A /* Vaccine.swift */,
				083DAC542C33F628001EDAA7 /* Vaccine+SampleData.swift */,
			);
			path = Vaccine;
			sourceTree = "<group>";
		};
		08FD87C72C32AC9D00CC9F9A /* Chip */ = {
			isa = PBXGroup;
			children = (
				08FD87C82C32ACBC00CC9F9A /* ChipID.swift */,
			);
			path = Chip;
			sourceTree = "<group>";
		};
/* End PBXGroup section */

/* Begin PBXNativeTarget section */
		0887947B2BFB35E600635DB7 /* Pets */ = {
			isa = PBXNativeTarget;
			buildConfigurationList = 0887948A2BFB35E700635DB7 /* Build configuration list for PBXNativeTarget "Pets" */;
			buildPhases = (
				088794782BFB35E600635DB7 /* Sources */,
				088794792BFB35E600635DB7 /* Frameworks */,
				0887947A2BFB35E600635DB7 /* Resources */,
			);
			buildRules = (
			);
			dependencies = (
			);
			name = Pets;
			productName = Petee;
			productReference = 0887947C2BFB35E600635DB7 /* Pets.app */;
			productType = "com.apple.product-type.application";
		};
/* End PBXNativeTarget section */

/* Begin PBXProject section */
		088794742BFB35E600635DB7 /* Project object */ = {
			isa = PBXProject;
			attributes = {
				BuildIndependentTargetsInParallel = 1;
				LastSwiftUpdateCheck = 1540;
				LastUpgradeCheck = 1540;
				TargetAttributes = {
					0887947B2BFB35E600635DB7 = {
						CreatedOnToolsVersion = 15.4;
					};
				};
			};
			buildConfigurationList = 088794772BFB35E600635DB7 /* Build configuration list for PBXProject "Pets" */;
			compatibilityVersion = "Xcode 14.0";
			developmentRegion = en;
			hasScannedForEncodings = 0;
			knownRegions = (
				en,
				Base,
				es,
			);
			mainGroup = 088794732BFB35E600635DB7;
			productRefGroup = 0887947D2BFB35E600635DB7 /* Products */;
			projectDirPath = "";
			projectRoot = "";
			targets = (
				0887947B2BFB35E600635DB7 /* Pets */,
			);
		};
/* End PBXProject section */

/* Begin PBXResourcesBuildPhase section */
		0887947A2BFB35E600635DB7 /* Resources */ = {
			isa = PBXResourcesBuildPhase;
			buildActionMask = 2147483647;
			files = (
				08AE31AA2C7DE22500A61EF9 /* felineBreeds_es.json in Resources */,
				08B585102C1840740068D4B2 /* felineBreeds_en.json in Resources */,
				08AE31A82C7DE0ED00A61EF9 /* felineBreeds.json in Resources */,
				08AE31A62C7DCBEA00A61EF9 /* cannineBreeds_es.json in Resources */,
				08CACB382C78CAB40068AC60 /* cannineBreeds.json in Resources */,
				08953B712C35A13E008C7D86 /* Localizable.xcstrings in Resources */,
				08833FF72C09CABB000FD0BF /* Preview Assets.xcassets in Resources */,
				08B5850C2C1753C80068D4B2 /* cannineBreeds_en.json in Resources */,
				088340042C09CABB000FD0BF /* Assets.xcassets in Resources */,
			);
			runOnlyForDeploymentPostprocessing = 0;
		};
/* End PBXResourcesBuildPhase section */

/* Begin PBXSourcesBuildPhase section */
		088794782BFB35E600635DB7 /* Sources */ = {
			isa = PBXSourcesBuildPhase;
			buildActionMask = 2147483647;
			files = (
				088340022C09CABB000FD0BF /* WeightListChart.swift in Sources */,
				08DF54452C1C553E003076B1 /* PetCardChipID.swift in Sources */,
				08B585122C1849330068D4B2 /* PetBreed+SampleData.swift in Sources */,
				08FD87B92C2DB0B200CC9F9A /* Vaccine.swift in Sources */,
				08EEF0D02C23214F003ABFF9 /* TreatmentType.swift in Sources */,
				08FD87B02C2C30F600CC9F9A /* PetCardOnFamily.swift in Sources */,
				08833FF32C09CABB000FD0BF /* PetSex.swift in Sources */,
				08833FF52C09CABB000FD0BF /* TimePeriod.swift in Sources */,
				08A29E382C144D2500D45D98 /* Pet+SampleData.swift in Sources */,
				08EEF0D22C2322EA003ABFF9 /* Deworming+SampleData.swift in Sources */,
				08833FFD2C09CABB000FD0BF /* ChipIDType.swift in Sources */,
				08CACB342C7886D40068AC60 /* RowDeleteButton.swift in Sources */,
				08B752032C2B128E00C0D143 /* DewormingTreatmentListEmpty.swift in Sources */,
				08833FF22C09CABB000FD0BF /* Pet.swift in Sources */,
				08DF54412C1C46FC003076B1 /* PetCardAge.swift in Sources */,
				08DF543B2C1C34DC003076B1 /* PetListRow.swift in Sources */,
				08FD87AB2C2C01E400CC9F9A /* WeightListEmpty.swift in Sources */,
				08CACB3E2C78E07D0068AC60 /* CoatLength.swift in Sources */,
				08909CF72C7F2B0800C65D5A /* String+Validation.swift in Sources */,
				08DF544E2C1C84A0003076B1 /* PetDetailImage.swift in Sources */,
				08EEF0CC2C22F7EF003ABFF9 /* DewormingTreatment.swift in Sources */,
				083DAC5A2C3400DA001EDAA7 /* VaccineListEmpty.swift in Sources */,
				08909CF42C7F24A800C65D5A /* Array+Vaccine.swift in Sources */,
				08B584F92C16E8A90068D4B2 /* PetImageSize.swift in Sources */,
				08012CF62C25C27E000C9418 /* Format.swift in Sources */,
				088340002C09CABB000FD0BF /* PetDetail.swift in Sources */,
				08B5851B2C19E9B20068D4B2 /* WeightListRow.swift in Sources */,
				08FD87B22C2C5F6B00CC9F9A /* PetCardName.swift in Sources */,
				083DAC602C34107D001EDAA7 /* VaccineDetail.swift in Sources */,
				083DAC582C33FE88001EDAA7 /* VaccineList.swift in Sources */,
				08833FF92C09CABB000FD0BF /* PetCard.swift in Sources */,
				087F5B562C131CF9005A7083 /* VerificationCheckMark.swift in Sources */,
				08833FF82C09CABB000FD0BF /* SampleData.swift in Sources */,
				08CACB3C2C78DA020068AC60 /* CoatType.swift in Sources */,
				083DAC5E2C3406C7001EDAA7 /* VaccineListRow.swift in Sources */,
				08A29E3A2C1451AF00D45D98 /* Weight+SampleData.swift in Sources */,
				08833FFC2C09CABB000FD0BF /* PetChipBarcode.swift in Sources */,
				088340012C09CABB000FD0BF /* PetList.swift in Sources */,
				08FD87CB2C32B97D00CC9F9A /* PetChipInfo.swift in Sources */,
				08DF543F2C1C4519003076B1 /* PetCardBreed.swift in Sources */,
				087F5B582C1350A0005A7083 /* Pet+Validation.swift in Sources */,
				08CACB3A2C78D9F10068AC60 /* PetSize.swift in Sources */,
				08FD87C92C32ACBC00CC9F9A /* ChipID.swift in Sources */,
				08B585142C1853640068D4B2 /* PetBreedListRow.swift in Sources */,
				088340072C0A110E000FD0BF /* PetImage.swift in Sources */,
				080F40692C241DC60085CA65 /* DewormingTreatmentListRow.swift in Sources */,
				08833FF62C09CABB000FD0BF /* Weight.swift in Sources */,
				08DF54432C1C511E003076B1 /* PetCardWeight.swift in Sources */,
				08B585082C1748690068D4B2 /* PetBreedList.swift in Sources */,
				08833FFB2C09CABB000FD0BF /* WeightDetail.swift in Sources */,
				088340032C09CABB000FD0BF /* WeightList.swift in Sources */,
				088340052C09CABB000FD0BF /* PetsApp.swift in Sources */,
				08909CF22C7F1FC400C65D5A /* Array+DewormingTreatment.swift in Sources */,
				08EEF0D52C2326FD003ABFF9 /* DewormingTreatmentList.swift in Sources */,
				08DF544B2C1C80A6003076B1 /* PetImagePlaceholder.swift in Sources */,
				083DAC552C33F628001EDAA7 /* Vaccine+SampleData.swift in Sources */,
				08B585062C1718E70068D4B2 /* PetBreedDataService.swift in Sources */,
				08833FFF2C09CABB000FD0BF /* PetListNoPets.swift in Sources */,
				08909CF02C7F1B7500C65D5A /* Array+Weight.swift in Sources */,
				08EEF0CE2C23212A003ABFF9 /* TreatmentUnit.swift in Sources */,
				089175E42C79E62E001BAC58 /* CoatTexture.swift in Sources */,
				08833FF42C09CABB000FD0BF /* PetSpecies.swift in Sources */,
				08B585162C1855250068D4B2 /* PetBreedVariationList.swift in Sources */,
				08B585032C1713A40068D4B2 /* PetBreed.swift in Sources */,
				08FD87BD2C30012F00CC9F9A /* PetBreedListEmpty.swift in Sources */,
				080F406F2C246FDC0085CA65 /* DewormingTreatmentDetail.swift in Sources */,
				083DAC532C33F4D1001EDAA7 /* VaccineType.swift in Sources */,
			);
			runOnlyForDeploymentPostprocessing = 0;
		};
/* End PBXSourcesBuildPhase section */

/* Begin XCBuildConfiguration section */
		088794882BFB35E700635DB7 /* Debug */ = {
			isa = XCBuildConfiguration;
			buildSettings = {
				ALWAYS_SEARCH_USER_PATHS = NO;
				ASSETCATALOG_COMPILER_GENERATE_SWIFT_ASSET_SYMBOL_EXTENSIONS = YES;
				CLANG_ANALYZER_NONNULL = YES;
				CLANG_ANALYZER_NUMBER_OBJECT_CONVERSION = YES_AGGRESSIVE;
				CLANG_CXX_LANGUAGE_STANDARD = "gnu++20";
				CLANG_ENABLE_MODULES = YES;
				CLANG_ENABLE_OBJC_ARC = YES;
				CLANG_ENABLE_OBJC_WEAK = YES;
				CLANG_WARN_BLOCK_CAPTURE_AUTORELEASING = YES;
				CLANG_WARN_BOOL_CONVERSION = YES;
				CLANG_WARN_COMMA = YES;
				CLANG_WARN_CONSTANT_CONVERSION = YES;
				CLANG_WARN_DEPRECATED_OBJC_IMPLEMENTATIONS = YES;
				CLANG_WARN_DIRECT_OBJC_ISA_USAGE = YES_ERROR;
				CLANG_WARN_DOCUMENTATION_COMMENTS = YES;
				CLANG_WARN_EMPTY_BODY = YES;
				CLANG_WARN_ENUM_CONVERSION = YES;
				CLANG_WARN_INFINITE_RECURSION = YES;
				CLANG_WARN_INT_CONVERSION = YES;
				CLANG_WARN_NON_LITERAL_NULL_CONVERSION = YES;
				CLANG_WARN_OBJC_IMPLICIT_RETAIN_SELF = YES;
				CLANG_WARN_OBJC_LITERAL_CONVERSION = YES;
				CLANG_WARN_OBJC_ROOT_CLASS = YES_ERROR;
				CLANG_WARN_QUOTED_INCLUDE_IN_FRAMEWORK_HEADER = YES;
				CLANG_WARN_RANGE_LOOP_ANALYSIS = YES;
				CLANG_WARN_STRICT_PROTOTYPES = YES;
				CLANG_WARN_SUSPICIOUS_MOVE = YES;
				CLANG_WARN_UNGUARDED_AVAILABILITY = YES_AGGRESSIVE;
				CLANG_WARN_UNREACHABLE_CODE = YES;
				CLANG_WARN__DUPLICATE_METHOD_MATCH = YES;
				COPY_PHASE_STRIP = NO;
				DEBUG_INFORMATION_FORMAT = dwarf;
				ENABLE_STRICT_OBJC_MSGSEND = YES;
				ENABLE_TESTABILITY = YES;
				ENABLE_USER_SCRIPT_SANDBOXING = YES;
				GCC_C_LANGUAGE_STANDARD = gnu17;
				GCC_DYNAMIC_NO_PIC = NO;
				GCC_NO_COMMON_BLOCKS = YES;
				GCC_OPTIMIZATION_LEVEL = 0;
				GCC_PREPROCESSOR_DEFINITIONS = (
					"DEBUG=1",
					"$(inherited)",
				);
				GCC_WARN_64_TO_32_BIT_CONVERSION = YES;
				GCC_WARN_ABOUT_RETURN_TYPE = YES_ERROR;
				GCC_WARN_UNDECLARED_SELECTOR = YES;
				GCC_WARN_UNINITIALIZED_AUTOS = YES_AGGRESSIVE;
				GCC_WARN_UNUSED_FUNCTION = YES;
				GCC_WARN_UNUSED_VARIABLE = YES;
				INFOPLIST_FILE = "$(SRCROOT)/Info.plist";
				IPHONEOS_DEPLOYMENT_TARGET = 17.0;
				LOCALIZATION_PREFERS_STRING_CATALOGS = YES;
				MTL_ENABLE_DEBUG_INFO = INCLUDE_SOURCE;
				MTL_FAST_MATH = YES;
				ONLY_ACTIVE_ARCH = YES;
				SDKROOT = iphoneos;
				SWIFT_ACTIVE_COMPILATION_CONDITIONS = "DEBUG $(inherited)";
				SWIFT_OPTIMIZATION_LEVEL = "-Onone";
			};
			name = Debug;
		};
		088794892BFB35E700635DB7 /* Release */ = {
			isa = XCBuildConfiguration;
			buildSettings = {
				ALWAYS_SEARCH_USER_PATHS = NO;
				ASSETCATALOG_COMPILER_GENERATE_SWIFT_ASSET_SYMBOL_EXTENSIONS = YES;
				CLANG_ANALYZER_NONNULL = YES;
				CLANG_ANALYZER_NUMBER_OBJECT_CONVERSION = YES_AGGRESSIVE;
				CLANG_CXX_LANGUAGE_STANDARD = "gnu++20";
				CLANG_ENABLE_MODULES = YES;
				CLANG_ENABLE_OBJC_ARC = YES;
				CLANG_ENABLE_OBJC_WEAK = YES;
				CLANG_WARN_BLOCK_CAPTURE_AUTORELEASING = YES;
				CLANG_WARN_BOOL_CONVERSION = YES;
				CLANG_WARN_COMMA = YES;
				CLANG_WARN_CONSTANT_CONVERSION = YES;
				CLANG_WARN_DEPRECATED_OBJC_IMPLEMENTATIONS = YES;
				CLANG_WARN_DIRECT_OBJC_ISA_USAGE = YES_ERROR;
				CLANG_WARN_DOCUMENTATION_COMMENTS = YES;
				CLANG_WARN_EMPTY_BODY = YES;
				CLANG_WARN_ENUM_CONVERSION = YES;
				CLANG_WARN_INFINITE_RECURSION = YES;
				CLANG_WARN_INT_CONVERSION = YES;
				CLANG_WARN_NON_LITERAL_NULL_CONVERSION = YES;
				CLANG_WARN_OBJC_IMPLICIT_RETAIN_SELF = YES;
				CLANG_WARN_OBJC_LITERAL_CONVERSION = YES;
				CLANG_WARN_OBJC_ROOT_CLASS = YES_ERROR;
				CLANG_WARN_QUOTED_INCLUDE_IN_FRAMEWORK_HEADER = YES;
				CLANG_WARN_RANGE_LOOP_ANALYSIS = YES;
				CLANG_WARN_STRICT_PROTOTYPES = YES;
				CLANG_WARN_SUSPICIOUS_MOVE = YES;
				CLANG_WARN_UNGUARDED_AVAILABILITY = YES_AGGRESSIVE;
				CLANG_WARN_UNREACHABLE_CODE = YES;
				CLANG_WARN__DUPLICATE_METHOD_MATCH = YES;
				COPY_PHASE_STRIP = NO;
				DEBUG_INFORMATION_FORMAT = "dwarf-with-dsym";
				ENABLE_NS_ASSERTIONS = NO;
				ENABLE_STRICT_OBJC_MSGSEND = YES;
				ENABLE_USER_SCRIPT_SANDBOXING = YES;
				GCC_C_LANGUAGE_STANDARD = gnu17;
				GCC_NO_COMMON_BLOCKS = YES;
				GCC_WARN_64_TO_32_BIT_CONVERSION = YES;
				GCC_WARN_ABOUT_RETURN_TYPE = YES_ERROR;
				GCC_WARN_UNDECLARED_SELECTOR = YES;
				GCC_WARN_UNINITIALIZED_AUTOS = YES_AGGRESSIVE;
				GCC_WARN_UNUSED_FUNCTION = YES;
				GCC_WARN_UNUSED_VARIABLE = YES;
				INFOPLIST_FILE = "$(SRCROOT)/Info.plist";
				IPHONEOS_DEPLOYMENT_TARGET = 17.0;
				LOCALIZATION_PREFERS_STRING_CATALOGS = YES;
				MTL_ENABLE_DEBUG_INFO = NO;
				MTL_FAST_MATH = YES;
				SDKROOT = iphoneos;
				SWIFT_COMPILATION_MODE = wholemodule;
				VALIDATE_PRODUCT = YES;
			};
			name = Release;
		};
		0887948B2BFB35E700635DB7 /* Debug */ = {
			isa = XCBuildConfiguration;
			buildSettings = {
				ASSETCATALOG_COMPILER_APPICON_NAME = AppIcon;
				ASSETCATALOG_COMPILER_GLOBAL_ACCENT_COLOR_NAME = AccentColor;
				CODE_SIGN_ENTITLEMENTS = Pets/Pets.entitlements;
				CODE_SIGN_STYLE = Automatic;
				CURRENT_PROJECT_VERSION = 1;
				DEVELOPMENT_ASSET_PATHS = "\"Pets/Preview Content\"";
				DEVELOPMENT_TEAM = ZP4QTMB37S;
				ENABLE_PREVIEWS = YES;
				GENERATE_INFOPLIST_FILE = YES;
				INFOPLIST_FILE = Pets/Info.plist;
				INFOPLIST_KEY_CFBundleDisplayName = Pets;
				INFOPLIST_KEY_LSApplicationCategoryType = "public.app-category.healthcare-fitness";
				INFOPLIST_KEY_NSPhotoLibraryUsageDescription = "We need access your Photo Library so you can choose a photo of your pet.";
				INFOPLIST_KEY_UIApplicationSceneManifest_Generation = YES;
				INFOPLIST_KEY_UIApplicationSupportsIndirectInputEvents = YES;
				INFOPLIST_KEY_UILaunchScreen_Generation = YES;
				INFOPLIST_KEY_UISupportedInterfaceOrientations = UIInterfaceOrientationPortrait;
				INFOPLIST_KEY_UISupportedInterfaceOrientations_iPad = "UIInterfaceOrientationLandscapeLeft UIInterfaceOrientationLandscapeRight UIInterfaceOrientationPortrait UIInterfaceOrientationPortraitUpsideDown";
				IPHONEOS_DEPLOYMENT_TARGET = 17.0;
				LD_RUNPATH_SEARCH_PATHS = (
					"$(inherited)",
					"@executable_path/Frameworks",
				);
				MARKETING_VERSION = 1.0;
				PRODUCT_BUNDLE_IDENTIFIER = dev.mzio.Pets;
				PRODUCT_NAME = "$(TARGET_NAME)";
				SUPPORTED_PLATFORMS = "iphoneos iphonesimulator";
				SUPPORTS_MACCATALYST = NO;
				SUPPORTS_MAC_DESIGNED_FOR_IPHONE_IPAD = NO;
				SUPPORTS_XR_DESIGNED_FOR_IPHONE_IPAD = NO;
				SWIFT_EMIT_LOC_STRINGS = YES;
				SWIFT_VERSION = 5.0;
				TARGETED_DEVICE_FAMILY = 1;
			};
			name = Debug;
		};
		0887948C2BFB35E700635DB7 /* Release */ = {
			isa = XCBuildConfiguration;
			buildSettings = {
				ASSETCATALOG_COMPILER_APPICON_NAME = AppIcon;
				ASSETCATALOG_COMPILER_GLOBAL_ACCENT_COLOR_NAME = AccentColor;
				CODE_SIGN_ENTITLEMENTS = Pets/Pets.entitlements;
				CODE_SIGN_STYLE = Automatic;
				CURRENT_PROJECT_VERSION = 1;
				DEVELOPMENT_ASSET_PATHS = "\"Pets/Preview Content\"";
				DEVELOPMENT_TEAM = ZP4QTMB37S;
				ENABLE_PREVIEWS = YES;
				GENERATE_INFOPLIST_FILE = YES;
				INFOPLIST_FILE = Pets/Info.plist;
				INFOPLIST_KEY_CFBundleDisplayName = Pets;
				INFOPLIST_KEY_LSApplicationCategoryType = "public.app-category.healthcare-fitness";
				INFOPLIST_KEY_NSPhotoLibraryUsageDescription = "We need access your Photo Library so you can choose a photo of your pet.";
				INFOPLIST_KEY_UIApplicationSceneManifest_Generation = YES;
				INFOPLIST_KEY_UIApplicationSupportsIndirectInputEvents = YES;
				INFOPLIST_KEY_UILaunchScreen_Generation = YES;
				INFOPLIST_KEY_UISupportedInterfaceOrientations = UIInterfaceOrientationPortrait;
				INFOPLIST_KEY_UISupportedInterfaceOrientations_iPad = "UIInterfaceOrientationLandscapeLeft UIInterfaceOrientationLandscapeRight UIInterfaceOrientationPortrait UIInterfaceOrientationPortraitUpsideDown";
				IPHONEOS_DEPLOYMENT_TARGET = 17.0;
				LD_RUNPATH_SEARCH_PATHS = (
					"$(inherited)",
					"@executable_path/Frameworks",
				);
				MARKETING_VERSION = 1.0;
				PRODUCT_BUNDLE_IDENTIFIER = dev.mzio.Pets;
				PRODUCT_NAME = "$(TARGET_NAME)";
				SUPPORTED_PLATFORMS = "iphoneos iphonesimulator";
				SUPPORTS_MACCATALYST = NO;
				SUPPORTS_MAC_DESIGNED_FOR_IPHONE_IPAD = NO;
				SUPPORTS_XR_DESIGNED_FOR_IPHONE_IPAD = NO;
				SWIFT_EMIT_LOC_STRINGS = YES;
				SWIFT_VERSION = 5.0;
				TARGETED_DEVICE_FAMILY = 1;
			};
			name = Release;
		};
/* End XCBuildConfiguration section */

/* Begin XCConfigurationList section */
		088794772BFB35E600635DB7 /* Build configuration list for PBXProject "Pets" */ = {
			isa = XCConfigurationList;
			buildConfigurations = (
				088794882BFB35E700635DB7 /* Debug */,
				088794892BFB35E700635DB7 /* Release */,
			);
			defaultConfigurationIsVisible = 0;
			defaultConfigurationName = Release;
		};
		0887948A2BFB35E700635DB7 /* Build configuration list for PBXNativeTarget "Pets" */ = {
			isa = XCConfigurationList;
			buildConfigurations = (
				0887948B2BFB35E700635DB7 /* Debug */,
				0887948C2BFB35E700635DB7 /* Release */,
			);
			defaultConfigurationIsVisible = 0;
			defaultConfigurationName = Release;
		};
/* End XCConfigurationList section */
	};
	rootObject = 088794742BFB35E600635DB7 /* Project object */;
}
