// !$*UTF8*$!
{
	archiveVersion = 1;
	classes = {
	};
	objectVersion = 56;
	objects = {

/* Begin PBXBuildFile section */
		08012CF62C25C27E000C9418 /* FormatUtilities.swift in Sources */ = {isa = PBXBuildFile; fileRef = 08012CF52C25C27E000C9418 /* FormatUtilities.swift */; };
		080F40692C241DC60085CA65 /* DewormingTreatmentListRow.swift in Sources */ = {isa = PBXBuildFile; fileRef = 080F40682C241DC60085CA65 /* DewormingTreatmentListRow.swift */; };
		080F406F2C246FDC0085CA65 /* DewormingTreatmentDetail.swift in Sources */ = {isa = PBXBuildFile; fileRef = 080F406E2C246FDC0085CA65 /* DewormingTreatmentDetail.swift */; };
		086D7C3A2C258F520063A610 /* FormVerification.swift in Sources */ = {isa = PBXBuildFile; fileRef = 086D7C392C258F520063A610 /* FormVerification.swift */; };
		087F5B562C131CF9005A7083 /* VerificationCheckMark.swift in Sources */ = {isa = PBXBuildFile; fileRef = 087F5B552C131CF9005A7083 /* VerificationCheckMark.swift */; };
		087F5B582C1350A0005A7083 /* Pet+Validation.swift in Sources */ = {isa = PBXBuildFile; fileRef = 087F5B572C1350A0005A7083 /* Pet+Validation.swift */; };
		08833FF22C09CABB000FD0BF /* Pet.swift in Sources */ = {isa = PBXBuildFile; fileRef = 08833FD92C09CABB000FD0BF /* Pet.swift */; };
		08833FF32C09CABB000FD0BF /* PetSex.swift in Sources */ = {isa = PBXBuildFile; fileRef = 08833FDA2C09CABB000FD0BF /* PetSex.swift */; };
		08833FF42C09CABB000FD0BF /* PetSpecies.swift in Sources */ = {isa = PBXBuildFile; fileRef = 08833FDB2C09CABB000FD0BF /* PetSpecies.swift */; };
		08833FF52C09CABB000FD0BF /* TimePeriod.swift in Sources */ = {isa = PBXBuildFile; fileRef = 08833FDC2C09CABB000FD0BF /* TimePeriod.swift */; };
		08833FF62C09CABB000FD0BF /* Weight.swift in Sources */ = {isa = PBXBuildFile; fileRef = 08833FDD2C09CABB000FD0BF /* Weight.swift */; };
		08833FF72C09CABB000FD0BF /* Preview Assets.xcassets in Resources */ = {isa = PBXBuildFile; fileRef = 08833FDF2C09CABB000FD0BF /* Preview Assets.xcassets */; };
		08833FF82C09CABB000FD0BF /* SampleData.swift in Sources */ = {isa = PBXBuildFile; fileRef = 08833FE12C09CABB000FD0BF /* SampleData.swift */; };
		08833FF92C09CABB000FD0BF /* PetCard.swift in Sources */ = {isa = PBXBuildFile; fileRef = 08833FE32C09CABB000FD0BF /* PetCard.swift */; };
		08833FFB2C09CABB000FD0BF /* WeightDetail.swift in Sources */ = {isa = PBXBuildFile; fileRef = 08833FE52C09CABB000FD0BF /* WeightDetail.swift */; };
		08833FFC2C09CABB000FD0BF /* PetChipIDBarcode.swift in Sources */ = {isa = PBXBuildFile; fileRef = 08833FE62C09CABB000FD0BF /* PetChipIDBarcode.swift */; };
		08833FFD2C09CABB000FD0BF /* ChipIDType.swift in Sources */ = {isa = PBXBuildFile; fileRef = 08833FE72C09CABB000FD0BF /* ChipIDType.swift */; };
		08833FFF2C09CABB000FD0BF /* PetListNoPetsYet.swift in Sources */ = {isa = PBXBuildFile; fileRef = 08833FE92C09CABB000FD0BF /* PetListNoPetsYet.swift */; };
		088340002C09CABB000FD0BF /* PetDetail.swift in Sources */ = {isa = PBXBuildFile; fileRef = 08833FEA2C09CABB000FD0BF /* PetDetail.swift */; };
		088340012C09CABB000FD0BF /* PetList.swift in Sources */ = {isa = PBXBuildFile; fileRef = 08833FEB2C09CABB000FD0BF /* PetList.swift */; };
		088340022C09CABB000FD0BF /* WeightListChart.swift in Sources */ = {isa = PBXBuildFile; fileRef = 08833FEC2C09CABB000FD0BF /* WeightListChart.swift */; };
		088340032C09CABB000FD0BF /* WeightList.swift in Sources */ = {isa = PBXBuildFile; fileRef = 08833FED2C09CABB000FD0BF /* WeightList.swift */; };
		088340042C09CABB000FD0BF /* Assets.xcassets in Resources */ = {isa = PBXBuildFile; fileRef = 08833FEF2C09CABB000FD0BF /* Assets.xcassets */; };
		088340052C09CABB000FD0BF /* PetsApp.swift in Sources */ = {isa = PBXBuildFile; fileRef = 08833FF02C09CABB000FD0BF /* PetsApp.swift */; };
		088340072C0A110E000FD0BF /* PetImage.swift in Sources */ = {isa = PBXBuildFile; fileRef = 088340062C0A110E000FD0BF /* PetImage.swift */; };
		08A29E382C144D2500D45D98 /* Pet+SampleData.swift in Sources */ = {isa = PBXBuildFile; fileRef = 08A29E372C144D2500D45D98 /* Pet+SampleData.swift */; };
		08A29E3A2C1451AF00D45D98 /* Weight+SampleData.swift in Sources */ = {isa = PBXBuildFile; fileRef = 08A29E392C1451AF00D45D98 /* Weight+SampleData.swift */; };
		08B584F92C16E8A90068D4B2 /* PetImageSize.swift in Sources */ = {isa = PBXBuildFile; fileRef = 08B584F82C16E8A90068D4B2 /* PetImageSize.swift */; };
		08B584FB2C16EFA10068D4B2 /* Weight+Format.swift in Sources */ = {isa = PBXBuildFile; fileRef = 08B584FA2C16EFA10068D4B2 /* Weight+Format.swift */; };
		08B584FD2C16FA460068D4B2 /* Weight+Utilities.swift in Sources */ = {isa = PBXBuildFile; fileRef = 08B584FC2C16FA460068D4B2 /* Weight+Utilities.swift */; };
		08B585032C1713A40068D4B2 /* PetBreed.swift in Sources */ = {isa = PBXBuildFile; fileRef = 08B585022C1713A40068D4B2 /* PetBreed.swift */; };
		08B585062C1718E70068D4B2 /* PetBreedDataService.swift in Sources */ = {isa = PBXBuildFile; fileRef = 08B585052C1718E70068D4B2 /* PetBreedDataService.swift */; };
		08B585082C1748690068D4B2 /* PetBreedList.swift in Sources */ = {isa = PBXBuildFile; fileRef = 08B585072C1748690068D4B2 /* PetBreedList.swift */; };
		08B5850C2C1753C80068D4B2 /* dogBreed.json in Resources */ = {isa = PBXBuildFile; fileRef = 08B5850B2C1753C80068D4B2 /* dogBreed.json */; };
		08B585102C1840740068D4B2 /* catBreed.json in Resources */ = {isa = PBXBuildFile; fileRef = 08B5850F2C1840740068D4B2 /* catBreed.json */; };
		08B585122C1849330068D4B2 /* PetBreed+SampleData.swift in Sources */ = {isa = PBXBuildFile; fileRef = 08B585112C1849330068D4B2 /* PetBreed+SampleData.swift */; };
		08B585142C1853640068D4B2 /* PetBreedListRow.swift in Sources */ = {isa = PBXBuildFile; fileRef = 08B585132C1853640068D4B2 /* PetBreedListRow.swift */; };
		08B585162C1855250068D4B2 /* PetBreedVariationList.swift in Sources */ = {isa = PBXBuildFile; fileRef = 08B585152C1855250068D4B2 /* PetBreedVariationList.swift */; };
		08B5851B2C19E9B20068D4B2 /* WeightListRow.swift in Sources */ = {isa = PBXBuildFile; fileRef = 08B5851A2C19E9B20068D4B2 /* WeightListRow.swift */; };
		08B752012C2AC7E800C0D143 /* Pet+DewormingTreatment.swift in Sources */ = {isa = PBXBuildFile; fileRef = 08B752002C2AC7E800C0D143 /* Pet+DewormingTreatment.swift */; };
		08B752032C2B128E00C0D143 /* DewormingTreatmentListNoTreatment.swift in Sources */ = {isa = PBXBuildFile; fileRef = 08B752022C2B128E00C0D143 /* DewormingTreatmentListNoTreatment.swift */; };
		08C0F2EE2C20214500D4C879 /* Pet+Weight.swift in Sources */ = {isa = PBXBuildFile; fileRef = 08C0F2ED2C20214500D4C879 /* Pet+Weight.swift */; };
		08DF543B2C1C34DC003076B1 /* PetListRow.swift in Sources */ = {isa = PBXBuildFile; fileRef = 08DF543A2C1C34DC003076B1 /* PetListRow.swift */; };
		08DF543D2C1C3A86003076B1 /* FontTest.swift in Sources */ = {isa = PBXBuildFile; fileRef = 08DF543C2C1C3A86003076B1 /* FontTest.swift */; };
		08DF543F2C1C4519003076B1 /* PetCardBreed.swift in Sources */ = {isa = PBXBuildFile; fileRef = 08DF543E2C1C4519003076B1 /* PetCardBreed.swift */; };
		08DF54412C1C46FC003076B1 /* PetCardAge.swift in Sources */ = {isa = PBXBuildFile; fileRef = 08DF54402C1C46FC003076B1 /* PetCardAge.swift */; };
		08DF54432C1C511E003076B1 /* PetCardWeight.swift in Sources */ = {isa = PBXBuildFile; fileRef = 08DF54422C1C511E003076B1 /* PetCardWeight.swift */; };
		08DF54452C1C553E003076B1 /* PetCardChipID.swift in Sources */ = {isa = PBXBuildFile; fileRef = 08DF54442C1C553E003076B1 /* PetCardChipID.swift */; };
		08DF544B2C1C80A6003076B1 /* PetImagePlaceholder.swift in Sources */ = {isa = PBXBuildFile; fileRef = 08DF544A2C1C80A6003076B1 /* PetImagePlaceholder.swift */; };
		08DF544E2C1C84A0003076B1 /* PetDetailImage.swift in Sources */ = {isa = PBXBuildFile; fileRef = 08DF544D2C1C84A0003076B1 /* PetDetailImage.swift */; };
		08EEF0CC2C22F7EF003ABFF9 /* DewormingTreatment.swift in Sources */ = {isa = PBXBuildFile; fileRef = 08EEF0CB2C22F7EF003ABFF9 /* DewormingTreatment.swift */; };
		08EEF0CE2C23212A003ABFF9 /* TreatmentUnit.swift in Sources */ = {isa = PBXBuildFile; fileRef = 08EEF0CD2C23212A003ABFF9 /* TreatmentUnit.swift */; };
		08EEF0D02C23214F003ABFF9 /* TreatmentType.swift in Sources */ = {isa = PBXBuildFile; fileRef = 08EEF0CF2C23214F003ABFF9 /* TreatmentType.swift */; };
		08EEF0D22C2322EA003ABFF9 /* Deworming+SampleData.swift in Sources */ = {isa = PBXBuildFile; fileRef = 08EEF0D12C2322EA003ABFF9 /* Deworming+SampleData.swift */; };
		08EEF0D52C2326FD003ABFF9 /* DewormingTreatmentList.swift in Sources */ = {isa = PBXBuildFile; fileRef = 08EEF0D42C2326FD003ABFF9 /* DewormingTreatmentList.swift */; };
		08FD87AB2C2C01E400CC9F9A /* WeightListNoWeight.swift in Sources */ = {isa = PBXBuildFile; fileRef = 08FD87AA2C2C01E400CC9F9A /* WeightListNoWeight.swift */; };
		08FD87B02C2C30F600CC9F9A /* PetCardOnFamily.swift in Sources */ = {isa = PBXBuildFile; fileRef = 08FD87AF2C2C30F600CC9F9A /* PetCardOnFamily.swift */; };
		08FD87B22C2C5F6B00CC9F9A /* PetCardName.swift in Sources */ = {isa = PBXBuildFile; fileRef = 08FD87B12C2C5F6B00CC9F9A /* PetCardName.swift */; };
		08FD87B42C2D5B9600CC9F9A /* PetColors.swift in Sources */ = {isa = PBXBuildFile; fileRef = 08FD87B32C2D5B9600CC9F9A /* PetColors.swift */; };
		08FD87B62C2DA5D400CC9F9A /* CanineVaccineType.swift in Sources */ = {isa = PBXBuildFile; fileRef = 08FD87B52C2DA5D400CC9F9A /* CanineVaccineType.swift */; };
		08FD87B92C2DB0B200CC9F9A /* CanineVaccine.swift in Sources */ = {isa = PBXBuildFile; fileRef = 08FD87B82C2DB0B200CC9F9A /* CanineVaccine.swift */; };
		08FD87BB2C2DB40000CC9F9A /* FelineVaccineType.swift in Sources */ = {isa = PBXBuildFile; fileRef = 08FD87BA2C2DB40000CC9F9A /* FelineVaccineType.swift */; };
/* End PBXBuildFile section */

/* Begin PBXFileReference section */
		08012CF52C25C27E000C9418 /* FormatUtilities.swift */ = {isa = PBXFileReference; lastKnownFileType = sourcecode.swift; path = FormatUtilities.swift; sourceTree = "<group>"; };
		080F40682C241DC60085CA65 /* DewormingTreatmentListRow.swift */ = {isa = PBXFileReference; lastKnownFileType = sourcecode.swift; path = DewormingTreatmentListRow.swift; sourceTree = "<group>"; };
		080F406E2C246FDC0085CA65 /* DewormingTreatmentDetail.swift */ = {isa = PBXFileReference; lastKnownFileType = sourcecode.swift; path = DewormingTreatmentDetail.swift; sourceTree = "<group>"; };
		086D7C392C258F520063A610 /* FormVerification.swift */ = {isa = PBXFileReference; lastKnownFileType = sourcecode.swift; path = FormVerification.swift; sourceTree = "<group>"; };
		087F5B552C131CF9005A7083 /* VerificationCheckMark.swift */ = {isa = PBXFileReference; lastKnownFileType = sourcecode.swift; path = VerificationCheckMark.swift; sourceTree = "<group>"; };
		087F5B572C1350A0005A7083 /* Pet+Validation.swift */ = {isa = PBXFileReference; lastKnownFileType = sourcecode.swift; path = "Pet+Validation.swift"; sourceTree = "<group>"; };
		08833FD92C09CABB000FD0BF /* Pet.swift */ = {isa = PBXFileReference; fileEncoding = 4; lastKnownFileType = sourcecode.swift; path = Pet.swift; sourceTree = "<group>"; };
		08833FDA2C09CABB000FD0BF /* PetSex.swift */ = {isa = PBXFileReference; fileEncoding = 4; lastKnownFileType = sourcecode.swift; path = PetSex.swift; sourceTree = "<group>"; };
		08833FDB2C09CABB000FD0BF /* PetSpecies.swift */ = {isa = PBXFileReference; fileEncoding = 4; lastKnownFileType = sourcecode.swift; path = PetSpecies.swift; sourceTree = "<group>"; };
		08833FDC2C09CABB000FD0BF /* TimePeriod.swift */ = {isa = PBXFileReference; fileEncoding = 4; lastKnownFileType = sourcecode.swift; path = TimePeriod.swift; sourceTree = "<group>"; };
		08833FDD2C09CABB000FD0BF /* Weight.swift */ = {isa = PBXFileReference; fileEncoding = 4; lastKnownFileType = sourcecode.swift; path = Weight.swift; sourceTree = "<group>"; };
		08833FDF2C09CABB000FD0BF /* Preview Assets.xcassets */ = {isa = PBXFileReference; lastKnownFileType = folder.assetcatalog; path = "Preview Assets.xcassets"; sourceTree = "<group>"; };
		08833FE12C09CABB000FD0BF /* SampleData.swift */ = {isa = PBXFileReference; fileEncoding = 4; lastKnownFileType = sourcecode.swift; path = SampleData.swift; sourceTree = "<group>"; };
		08833FE32C09CABB000FD0BF /* PetCard.swift */ = {isa = PBXFileReference; fileEncoding = 4; lastKnownFileType = sourcecode.swift; path = PetCard.swift; sourceTree = "<group>"; };
		08833FE52C09CABB000FD0BF /* WeightDetail.swift */ = {isa = PBXFileReference; fileEncoding = 4; lastKnownFileType = sourcecode.swift; path = WeightDetail.swift; sourceTree = "<group>"; };
		08833FE62C09CABB000FD0BF /* PetChipIDBarcode.swift */ = {isa = PBXFileReference; fileEncoding = 4; lastKnownFileType = sourcecode.swift; path = PetChipIDBarcode.swift; sourceTree = "<group>"; };
		08833FE72C09CABB000FD0BF /* ChipIDType.swift */ = {isa = PBXFileReference; fileEncoding = 4; lastKnownFileType = sourcecode.swift; path = ChipIDType.swift; sourceTree = "<group>"; };
		08833FE92C09CABB000FD0BF /* PetListNoPetsYet.swift */ = {isa = PBXFileReference; fileEncoding = 4; lastKnownFileType = sourcecode.swift; path = PetListNoPetsYet.swift; sourceTree = "<group>"; };
		08833FEA2C09CABB000FD0BF /* PetDetail.swift */ = {isa = PBXFileReference; fileEncoding = 4; lastKnownFileType = sourcecode.swift; path = PetDetail.swift; sourceTree = "<group>"; };
		08833FEB2C09CABB000FD0BF /* PetList.swift */ = {isa = PBXFileReference; fileEncoding = 4; lastKnownFileType = sourcecode.swift; path = PetList.swift; sourceTree = "<group>"; };
		08833FEC2C09CABB000FD0BF /* WeightListChart.swift */ = {isa = PBXFileReference; fileEncoding = 4; lastKnownFileType = sourcecode.swift; path = WeightListChart.swift; sourceTree = "<group>"; };
		08833FED2C09CABB000FD0BF /* WeightList.swift */ = {isa = PBXFileReference; fileEncoding = 4; lastKnownFileType = sourcecode.swift; path = WeightList.swift; sourceTree = "<group>"; };
		08833FEF2C09CABB000FD0BF /* Assets.xcassets */ = {isa = PBXFileReference; lastKnownFileType = folder.assetcatalog; path = Assets.xcassets; sourceTree = "<group>"; };
		08833FF02C09CABB000FD0BF /* PetsApp.swift */ = {isa = PBXFileReference; fileEncoding = 4; lastKnownFileType = sourcecode.swift; path = PetsApp.swift; sourceTree = "<group>"; };
		088340062C0A110E000FD0BF /* PetImage.swift */ = {isa = PBXFileReference; lastKnownFileType = sourcecode.swift; path = PetImage.swift; sourceTree = "<group>"; };
		0887947C2BFB35E600635DB7 /* Pets.app */ = {isa = PBXFileReference; explicitFileType = wrapper.application; includeInIndex = 0; path = Pets.app; sourceTree = BUILT_PRODUCTS_DIR; };
		08A29E372C144D2500D45D98 /* Pet+SampleData.swift */ = {isa = PBXFileReference; lastKnownFileType = sourcecode.swift; path = "Pet+SampleData.swift"; sourceTree = "<group>"; };
		08A29E392C1451AF00D45D98 /* Weight+SampleData.swift */ = {isa = PBXFileReference; lastKnownFileType = sourcecode.swift; path = "Weight+SampleData.swift"; sourceTree = "<group>"; };
		08B584F82C16E8A90068D4B2 /* PetImageSize.swift */ = {isa = PBXFileReference; lastKnownFileType = sourcecode.swift; name = PetImageSize.swift; path = Pets/Views/PetImageSize.swift; sourceTree = SOURCE_ROOT; };
		08B584FA2C16EFA10068D4B2 /* Weight+Format.swift */ = {isa = PBXFileReference; lastKnownFileType = sourcecode.swift; path = "Weight+Format.swift"; sourceTree = "<group>"; };
		08B584FC2C16FA460068D4B2 /* Weight+Utilities.swift */ = {isa = PBXFileReference; lastKnownFileType = sourcecode.swift; path = "Weight+Utilities.swift"; sourceTree = "<group>"; };
		08B585022C1713A40068D4B2 /* PetBreed.swift */ = {isa = PBXFileReference; lastKnownFileType = sourcecode.swift; path = PetBreed.swift; sourceTree = "<group>"; };
		08B585052C1718E70068D4B2 /* PetBreedDataService.swift */ = {isa = PBXFileReference; lastKnownFileType = sourcecode.swift; path = PetBreedDataService.swift; sourceTree = "<group>"; };
		08B585072C1748690068D4B2 /* PetBreedList.swift */ = {isa = PBXFileReference; lastKnownFileType = sourcecode.swift; path = PetBreedList.swift; sourceTree = "<group>"; };
		08B5850B2C1753C80068D4B2 /* dogBreed.json */ = {isa = PBXFileReference; lastKnownFileType = text.json; path = dogBreed.json; sourceTree = "<group>"; };
		08B5850F2C1840740068D4B2 /* catBreed.json */ = {isa = PBXFileReference; lastKnownFileType = text.json; path = catBreed.json; sourceTree = "<group>"; };
		08B585112C1849330068D4B2 /* PetBreed+SampleData.swift */ = {isa = PBXFileReference; lastKnownFileType = sourcecode.swift; path = "PetBreed+SampleData.swift"; sourceTree = "<group>"; };
		08B585132C1853640068D4B2 /* PetBreedListRow.swift */ = {isa = PBXFileReference; lastKnownFileType = sourcecode.swift; path = PetBreedListRow.swift; sourceTree = "<group>"; };
		08B585152C1855250068D4B2 /* PetBreedVariationList.swift */ = {isa = PBXFileReference; lastKnownFileType = sourcecode.swift; path = PetBreedVariationList.swift; sourceTree = "<group>"; };
		08B5851A2C19E9B20068D4B2 /* WeightListRow.swift */ = {isa = PBXFileReference; lastKnownFileType = sourcecode.swift; path = WeightListRow.swift; sourceTree = "<group>"; };
		08B752002C2AC7E800C0D143 /* Pet+DewormingTreatment.swift */ = {isa = PBXFileReference; lastKnownFileType = sourcecode.swift; path = "Pet+DewormingTreatment.swift"; sourceTree = "<group>"; };
		08B752022C2B128E00C0D143 /* DewormingTreatmentListNoTreatment.swift */ = {isa = PBXFileReference; lastKnownFileType = sourcecode.swift; path = DewormingTreatmentListNoTreatment.swift; sourceTree = "<group>"; };
		08C0F2ED2C20214500D4C879 /* Pet+Weight.swift */ = {isa = PBXFileReference; lastKnownFileType = sourcecode.swift; path = "Pet+Weight.swift"; sourceTree = "<group>"; };
		08DF543A2C1C34DC003076B1 /* PetListRow.swift */ = {isa = PBXFileReference; lastKnownFileType = sourcecode.swift; path = PetListRow.swift; sourceTree = "<group>"; };
		08DF543C2C1C3A86003076B1 /* FontTest.swift */ = {isa = PBXFileReference; lastKnownFileType = sourcecode.swift; path = FontTest.swift; sourceTree = "<group>"; };
		08DF543E2C1C4519003076B1 /* PetCardBreed.swift */ = {isa = PBXFileReference; lastKnownFileType = sourcecode.swift; path = PetCardBreed.swift; sourceTree = "<group>"; };
		08DF54402C1C46FC003076B1 /* PetCardAge.swift */ = {isa = PBXFileReference; lastKnownFileType = sourcecode.swift; path = PetCardAge.swift; sourceTree = "<group>"; };
		08DF54422C1C511E003076B1 /* PetCardWeight.swift */ = {isa = PBXFileReference; lastKnownFileType = sourcecode.swift; path = PetCardWeight.swift; sourceTree = "<group>"; };
		08DF54442C1C553E003076B1 /* PetCardChipID.swift */ = {isa = PBXFileReference; lastKnownFileType = sourcecode.swift; path = PetCardChipID.swift; sourceTree = "<group>"; };
		08DF544A2C1C80A6003076B1 /* PetImagePlaceholder.swift */ = {isa = PBXFileReference; lastKnownFileType = sourcecode.swift; path = PetImagePlaceholder.swift; sourceTree = "<group>"; };
		08DF544D2C1C84A0003076B1 /* PetDetailImage.swift */ = {isa = PBXFileReference; lastKnownFileType = sourcecode.swift; path = PetDetailImage.swift; sourceTree = "<group>"; };
		08EEF0CB2C22F7EF003ABFF9 /* DewormingTreatment.swift */ = {isa = PBXFileReference; lastKnownFileType = sourcecode.swift; path = DewormingTreatment.swift; sourceTree = "<group>"; };
		08EEF0CD2C23212A003ABFF9 /* TreatmentUnit.swift */ = {isa = PBXFileReference; lastKnownFileType = sourcecode.swift; path = TreatmentUnit.swift; sourceTree = "<group>"; };
		08EEF0CF2C23214F003ABFF9 /* TreatmentType.swift */ = {isa = PBXFileReference; lastKnownFileType = sourcecode.swift; path = TreatmentType.swift; sourceTree = "<group>"; };
		08EEF0D12C2322EA003ABFF9 /* Deworming+SampleData.swift */ = {isa = PBXFileReference; lastKnownFileType = sourcecode.swift; path = "Deworming+SampleData.swift"; sourceTree = "<group>"; };
		08EEF0D42C2326FD003ABFF9 /* DewormingTreatmentList.swift */ = {isa = PBXFileReference; lastKnownFileType = sourcecode.swift; path = DewormingTreatmentList.swift; sourceTree = "<group>"; };
		08FD87AA2C2C01E400CC9F9A /* WeightListNoWeight.swift */ = {isa = PBXFileReference; lastKnownFileType = sourcecode.swift; path = WeightListNoWeight.swift; sourceTree = "<group>"; };
		08FD87AF2C2C30F600CC9F9A /* PetCardOnFamily.swift */ = {isa = PBXFileReference; lastKnownFileType = sourcecode.swift; path = PetCardOnFamily.swift; sourceTree = "<group>"; };
		08FD87B12C2C5F6B00CC9F9A /* PetCardName.swift */ = {isa = PBXFileReference; lastKnownFileType = sourcecode.swift; path = PetCardName.swift; sourceTree = "<group>"; };
		08FD87B32C2D5B9600CC9F9A /* PetColors.swift */ = {isa = PBXFileReference; lastKnownFileType = sourcecode.swift; path = PetColors.swift; sourceTree = "<group>"; };
		08FD87B52C2DA5D400CC9F9A /* CanineVaccineType.swift */ = {isa = PBXFileReference; lastKnownFileType = sourcecode.swift; path = CanineVaccineType.swift; sourceTree = "<group>"; };
		08FD87B82C2DB0B200CC9F9A /* CanineVaccine.swift */ = {isa = PBXFileReference; lastKnownFileType = sourcecode.swift; path = CanineVaccine.swift; sourceTree = "<group>"; };
		08FD87BA2C2DB40000CC9F9A /* FelineVaccineType.swift */ = {isa = PBXFileReference; lastKnownFileType = sourcecode.swift; path = FelineVaccineType.swift; sourceTree = "<group>"; };
/* End PBXFileReference section */

/* Begin PBXFrameworksBuildPhase section */
		088794792BFB35E600635DB7 /* Frameworks */ = {
			isa = PBXFrameworksBuildPhase;
			buildActionMask = 2147483647;
			files = (
			);
			runOnlyForDeploymentPostprocessing = 0;
		};
/* End PBXFrameworksBuildPhase section */

/* Begin PBXGroup section */
		086D7C372C258E3A0063A610 /* WeightDetail */ = {
			isa = PBXGroup;
			children = (
				08833FE52C09CABB000FD0BF /* WeightDetail.swift */,
			);
			path = WeightDetail;
			sourceTree = "<group>";
		};
		086D7C382C258E5E0063A610 /* Verification */ = {
			isa = PBXGroup;
			children = (
				087F5B552C131CF9005A7083 /* VerificationCheckMark.swift */,
			);
			path = Verification;
			sourceTree = "<group>";
		};
		08833FDE2C09CABB000FD0BF /* Models */ = {
			isa = PBXGroup;
			children = (
				08FD87B72C2DB0A200CC9F9A /* Vaccine */,
				08EEF0CA2C22F7D0003ABFF9 /* DewormingTreatment */,
				08B585172C19E3E20068D4B2 /* Pet */,
				08C0F2EF2C2021D300D4C879 /* PetBreed */,
				08B585182C19E3EE0068D4B2 /* Weight */,
				08B585192C19E4010068D4B2 /* JSON */,
			);
			path = Models;
			sourceTree = "<group>";
		};
		08833FE02C09CABB000FD0BF /* Preview Content */ = {
			isa = PBXGroup;
			children = (
				08833FDF2C09CABB000FD0BF /* Preview Assets.xcassets */,
			);
			path = "Preview Content";
			sourceTree = "<group>";
		};
		08833FE22C09CABB000FD0BF /* Utitliies */ = {
			isa = PBXGroup;
			children = (
				08DF543C2C1C3A86003076B1 /* FontTest.swift */,
				086D7C392C258F520063A610 /* FormVerification.swift */,
				08012CF52C25C27E000C9418 /* FormatUtilities.swift */,
				08FD87B32C2D5B9600CC9F9A /* PetColors.swift */,
				08833FE12C09CABB000FD0BF /* SampleData.swift */,
			);
			path = Utitliies;
			sourceTree = "<group>";
		};
		08833FEE2C09CABB000FD0BF /* Views */ = {
			isa = PBXGroup;
			children = (
				08FE45312C257B99001C78A1 /* DewormingTreatmentDetail */,
				08EEF0D32C2326E1003ABFF9 /* DewormingTreatmentList */,
				08DF54472C1C5F06003076B1 /* PetBreed */,
				08DF54462C1C5EC8003076B1 /* PetCard */,
				08DF54512C1C8D29003076B1 /* PetDetail */,
				08DF544C2C1C8421003076B1 /* PetImage */,
				08DF54482C1C5F8A003076B1 /* PetList */,
				086D7C382C258E5E0063A610 /* Verification */,
				086D7C372C258E3A0063A610 /* WeightDetail */,
				08DF54492C1C605B003076B1 /* WeightList */,
			);
			path = Views;
			sourceTree = "<group>";
		};
		08833FF12C09CABB000FD0BF /* Pets */ = {
			isa = PBXGroup;
			children = (
				08EEF0C92C22EE5B003ABFF9 /* Apps */,
				08866F582C0F237700455EAE /* Custom types */,
				08833FDE2C09CABB000FD0BF /* Models */,
				08B585042C1718B90068D4B2 /* Services */,
				08833FE22C09CABB000FD0BF /* Utitliies */,
				08833FEE2C09CABB000FD0BF /* Views */,
				08833FEF2C09CABB000FD0BF /* Assets.xcassets */,
				08833FE02C09CABB000FD0BF /* Preview Content */,
			);
			path = Pets;
			sourceTree = "<group>";
		};
		08866F582C0F237700455EAE /* Custom types */ = {
			isa = PBXGroup;
			children = (
				08FD87B52C2DA5D400CC9F9A /* CanineVaccineType.swift */,
				08833FE72C09CABB000FD0BF /* ChipIDType.swift */,
				08FD87BA2C2DB40000CC9F9A /* FelineVaccineType.swift */,
				08B584F82C16E8A90068D4B2 /* PetImageSize.swift */,
				08833FDA2C09CABB000FD0BF /* PetSex.swift */,
				08833FDB2C09CABB000FD0BF /* PetSpecies.swift */,
				08EEF0CF2C23214F003ABFF9 /* TreatmentType.swift */,
				08EEF0CD2C23212A003ABFF9 /* TreatmentUnit.swift */,
				08833FDC2C09CABB000FD0BF /* TimePeriod.swift */,
			);
			path = "Custom types";
			sourceTree = "<group>";
		};
		088794732BFB35E600635DB7 = {
			isa = PBXGroup;
			children = (
				08833FF12C09CABB000FD0BF /* Pets */,
				0887947D2BFB35E600635DB7 /* Products */,
			);
			sourceTree = "<group>";
		};
		0887947D2BFB35E600635DB7 /* Products */ = {
			isa = PBXGroup;
			children = (
				0887947C2BFB35E600635DB7 /* Pets.app */,
			);
			name = Products;
			sourceTree = "<group>";
		};
		08B585042C1718B90068D4B2 /* Services */ = {
			isa = PBXGroup;
			children = (
				08B585052C1718E70068D4B2 /* PetBreedDataService.swift */,
			);
			path = Services;
			sourceTree = "<group>";
		};
		08B585172C19E3E20068D4B2 /* Pet */ = {
			isa = PBXGroup;
			children = (
				08833FD92C09CABB000FD0BF /* Pet.swift */,
				08B752002C2AC7E800C0D143 /* Pet+DewormingTreatment.swift */,
				08A29E372C144D2500D45D98 /* Pet+SampleData.swift */,
				087F5B572C1350A0005A7083 /* Pet+Validation.swift */,
				08C0F2ED2C20214500D4C879 /* Pet+Weight.swift */,
			);
			path = Pet;
			sourceTree = "<group>";
		};
		08B585182C19E3EE0068D4B2 /* Weight */ = {
			isa = PBXGroup;
			children = (
				08833FDD2C09CABB000FD0BF /* Weight.swift */,
				08B584FA2C16EFA10068D4B2 /* Weight+Format.swift */,
				08A29E392C1451AF00D45D98 /* Weight+SampleData.swift */,
				08B584FC2C16FA460068D4B2 /* Weight+Utilities.swift */,
			);
			path = Weight;
			sourceTree = "<group>";
		};
		08B585192C19E4010068D4B2 /* JSON */ = {
			isa = PBXGroup;
			children = (
				08B5850F2C1840740068D4B2 /* catBreed.json */,
				08B5850B2C1753C80068D4B2 /* dogBreed.json */,
			);
			path = JSON;
			sourceTree = "<group>";
		};
		08C0F2EF2C2021D300D4C879 /* PetBreed */ = {
			isa = PBXGroup;
			children = (
				08B585022C1713A40068D4B2 /* PetBreed.swift */,
				08B585112C1849330068D4B2 /* PetBreed+SampleData.swift */,
			);
			path = PetBreed;
			sourceTree = "<group>";
		};
		08DF54462C1C5EC8003076B1 /* PetCard */ = {
			isa = PBXGroup;
			children = (
				08833FE32C09CABB000FD0BF /* PetCard.swift */,
				08DF54402C1C46FC003076B1 /* PetCardAge.swift */,
				08DF543E2C1C4519003076B1 /* PetCardBreed.swift */,
				08DF54442C1C553E003076B1 /* PetCardChipID.swift */,
				08FD87AF2C2C30F600CC9F9A /* PetCardOnFamily.swift */,
				08FD87B12C2C5F6B00CC9F9A /* PetCardName.swift */,
				08DF54422C1C511E003076B1 /* PetCardWeight.swift */,
				08833FE62C09CABB000FD0BF /* PetChipIDBarcode.swift */,
			);
			path = PetCard;
			sourceTree = "<group>";
		};
		08DF54472C1C5F06003076B1 /* PetBreed */ = {
			isa = PBXGroup;
			children = (
				08B585072C1748690068D4B2 /* PetBreedList.swift */,
				08B585132C1853640068D4B2 /* PetBreedListRow.swift */,
				08B585152C1855250068D4B2 /* PetBreedVariationList.swift */,
			);
			path = PetBreed;
			sourceTree = "<group>";
		};
		08DF54482C1C5F8A003076B1 /* PetList */ = {
			isa = PBXGroup;
			children = (
				08833FEB2C09CABB000FD0BF /* PetList.swift */,
				08833FE92C09CABB000FD0BF /* PetListNoPetsYet.swift */,
				08DF543A2C1C34DC003076B1 /* PetListRow.swift */,
			);
			path = PetList;
			sourceTree = "<group>";
		};
		08DF54492C1C605B003076B1 /* WeightList */ = {
			isa = PBXGroup;
			children = (
				08833FED2C09CABB000FD0BF /* WeightList.swift */,
				08FD87AA2C2C01E400CC9F9A /* WeightListNoWeight.swift */,
				08833FEC2C09CABB000FD0BF /* WeightListChart.swift */,
				08B5851A2C19E9B20068D4B2 /* WeightListRow.swift */,
			);
			path = WeightList;
			sourceTree = "<group>";
		};
		08DF544C2C1C8421003076B1 /* PetImage */ = {
			isa = PBXGroup;
			children = (
				088340062C0A110E000FD0BF /* PetImage.swift */,
				08DF544A2C1C80A6003076B1 /* PetImagePlaceholder.swift */,
			);
			path = PetImage;
			sourceTree = "<group>";
		};
		08DF54512C1C8D29003076B1 /* PetDetail */ = {
			isa = PBXGroup;
			children = (
				08833FEA2C09CABB000FD0BF /* PetDetail.swift */,
				08DF544D2C1C84A0003076B1 /* PetDetailImage.swift */,
			);
			path = PetDetail;
			sourceTree = "<group>";
		};
		08EEF0C92C22EE5B003ABFF9 /* Apps */ = {
			isa = PBXGroup;
			children = (
				08833FF02C09CABB000FD0BF /* PetsApp.swift */,
			);
			path = Apps;
			sourceTree = "<group>";
		};
		08EEF0CA2C22F7D0003ABFF9 /* DewormingTreatment */ = {
			isa = PBXGroup;
			children = (
				08EEF0CB2C22F7EF003ABFF9 /* DewormingTreatment.swift */,
				08EEF0D12C2322EA003ABFF9 /* Deworming+SampleData.swift */,
			);
			path = DewormingTreatment;
			sourceTree = "<group>";
		};
		08EEF0D32C2326E1003ABFF9 /* DewormingTreatmentList */ = {
			isa = PBXGroup;
			children = (
				08EEF0D42C2326FD003ABFF9 /* DewormingTreatmentList.swift */,
				08B752022C2B128E00C0D143 /* DewormingTreatmentListNoTreatment.swift */,
				080F40682C241DC60085CA65 /* DewormingTreatmentListRow.swift */,
			);
			path = DewormingTreatmentList;
			sourceTree = "<group>";
		};
		08FD87B72C2DB0A200CC9F9A /* Vaccine */ = {
			isa = PBXGroup;
			children = (
				08FD87B82C2DB0B200CC9F9A /* CanineVaccine.swift */,
			);
			path = Vaccine;
			sourceTree = "<group>";
		};
		08FE45312C257B99001C78A1 /* DewormingTreatmentDetail */ = {
			isa = PBXGroup;
			children = (
				080F406E2C246FDC0085CA65 /* DewormingTreatmentDetail.swift */,
			);
			path = DewormingTreatmentDetail;
			sourceTree = "<group>";
		};
/* End PBXGroup section */

/* Begin PBXNativeTarget section */
		0887947B2BFB35E600635DB7 /* Pets */ = {
			isa = PBXNativeTarget;
			buildConfigurationList = 0887948A2BFB35E700635DB7 /* Build configuration list for PBXNativeTarget "Pets" */;
			buildPhases = (
				088794782BFB35E600635DB7 /* Sources */,
				088794792BFB35E600635DB7 /* Frameworks */,
				0887947A2BFB35E600635DB7 /* Resources */,
			);
			buildRules = (
			);
			dependencies = (
			);
			name = Pets;
			productName = Petee;
			productReference = 0887947C2BFB35E600635DB7 /* Pets.app */;
			productType = "com.apple.product-type.application";
		};
/* End PBXNativeTarget section */

/* Begin PBXProject section */
		088794742BFB35E600635DB7 /* Project object */ = {
			isa = PBXProject;
			attributes = {
				BuildIndependentTargetsInParallel = 1;
				LastSwiftUpdateCheck = 1540;
				LastUpgradeCheck = 1540;
				TargetAttributes = {
					0887947B2BFB35E600635DB7 = {
						CreatedOnToolsVersion = 15.4;
					};
				};
			};
			buildConfigurationList = 088794772BFB35E600635DB7 /* Build configuration list for PBXProject "Pets" */;
			compatibilityVersion = "Xcode 14.0";
			developmentRegion = en;
			hasScannedForEncodings = 0;
			knownRegions = (
				en,
				Base,
			);
			mainGroup = 088794732BFB35E600635DB7;
			productRefGroup = 0887947D2BFB35E600635DB7 /* Products */;
			projectDirPath = "";
			projectRoot = "";
			targets = (
				0887947B2BFB35E600635DB7 /* Pets */,
			);
		};
/* End PBXProject section */

/* Begin PBXResourcesBuildPhase section */
		0887947A2BFB35E600635DB7 /* Resources */ = {
			isa = PBXResourcesBuildPhase;
			buildActionMask = 2147483647;
			files = (
				08B585102C1840740068D4B2 /* catBreed.json in Resources */,
				08833FF72C09CABB000FD0BF /* Preview Assets.xcassets in Resources */,
				08B5850C2C1753C80068D4B2 /* dogBreed.json in Resources */,
				088340042C09CABB000FD0BF /* Assets.xcassets in Resources */,
			);
			runOnlyForDeploymentPostprocessing = 0;
		};
/* End PBXResourcesBuildPhase section */

/* Begin PBXSourcesBuildPhase section */
		088794782BFB35E600635DB7 /* Sources */ = {
			isa = PBXSourcesBuildPhase;
			buildActionMask = 2147483647;
			files = (
				08FD87B42C2D5B9600CC9F9A /* PetColors.swift in Sources */,
				086D7C3A2C258F520063A610 /* FormVerification.swift in Sources */,
				088340022C09CABB000FD0BF /* WeightListChart.swift in Sources */,
				08DF54452C1C553E003076B1 /* PetCardChipID.swift in Sources */,
				08B584FB2C16EFA10068D4B2 /* Weight+Format.swift in Sources */,
				08B585122C1849330068D4B2 /* PetBreed+SampleData.swift in Sources */,
				08FD87B92C2DB0B200CC9F9A /* CanineVaccine.swift in Sources */,
				08EEF0D02C23214F003ABFF9 /* TreatmentType.swift in Sources */,
				08FD87B62C2DA5D400CC9F9A /* CanineVaccineType.swift in Sources */,
				08FD87B02C2C30F600CC9F9A /* PetCardOnFamily.swift in Sources */,
				08833FF32C09CABB000FD0BF /* PetSex.swift in Sources */,
				08833FF52C09CABB000FD0BF /* TimePeriod.swift in Sources */,
				08A29E382C144D2500D45D98 /* Pet+SampleData.swift in Sources */,
				08EEF0D22C2322EA003ABFF9 /* Deworming+SampleData.swift in Sources */,
				08833FFD2C09CABB000FD0BF /* ChipIDType.swift in Sources */,
				08B752012C2AC7E800C0D143 /* Pet+DewormingTreatment.swift in Sources */,
				08B752032C2B128E00C0D143 /* DewormingTreatmentListNoTreatment.swift in Sources */,
				08833FF22C09CABB000FD0BF /* Pet.swift in Sources */,
				08DF54412C1C46FC003076B1 /* PetCardAge.swift in Sources */,
				08DF543B2C1C34DC003076B1 /* PetListRow.swift in Sources */,
				08FD87AB2C2C01E400CC9F9A /* WeightListNoWeight.swift in Sources */,
				08DF544E2C1C84A0003076B1 /* PetDetailImage.swift in Sources */,
				08EEF0CC2C22F7EF003ABFF9 /* DewormingTreatment.swift in Sources */,
				08B584F92C16E8A90068D4B2 /* PetImageSize.swift in Sources */,
				08012CF62C25C27E000C9418 /* FormatUtilities.swift in Sources */,
				088340002C09CABB000FD0BF /* PetDetail.swift in Sources */,
				08B5851B2C19E9B20068D4B2 /* WeightListRow.swift in Sources */,
				08FD87B22C2C5F6B00CC9F9A /* PetCardName.swift in Sources */,
				08833FF92C09CABB000FD0BF /* PetCard.swift in Sources */,
				087F5B562C131CF9005A7083 /* VerificationCheckMark.swift in Sources */,
				08833FF82C09CABB000FD0BF /* SampleData.swift in Sources */,
				08A29E3A2C1451AF00D45D98 /* Weight+SampleData.swift in Sources */,
				08833FFC2C09CABB000FD0BF /* PetChipIDBarcode.swift in Sources */,
				088340012C09CABB000FD0BF /* PetList.swift in Sources */,
				08DF543F2C1C4519003076B1 /* PetCardBreed.swift in Sources */,
				087F5B582C1350A0005A7083 /* Pet+Validation.swift in Sources */,
				08B585142C1853640068D4B2 /* PetBreedListRow.swift in Sources */,
				08B584FD2C16FA460068D4B2 /* Weight+Utilities.swift in Sources */,
				088340072C0A110E000FD0BF /* PetImage.swift in Sources */,
				080F40692C241DC60085CA65 /* DewormingTreatmentListRow.swift in Sources */,
				08833FF62C09CABB000FD0BF /* Weight.swift in Sources */,
				08DF54432C1C511E003076B1 /* PetCardWeight.swift in Sources */,
				08B585082C1748690068D4B2 /* PetBreedList.swift in Sources */,
				08833FFB2C09CABB000FD0BF /* WeightDetail.swift in Sources */,
				088340032C09CABB000FD0BF /* WeightList.swift in Sources */,
				088340052C09CABB000FD0BF /* PetsApp.swift in Sources */,
				08EEF0D52C2326FD003ABFF9 /* DewormingTreatmentList.swift in Sources */,
				08DF544B2C1C80A6003076B1 /* PetImagePlaceholder.swift in Sources */,
				08B585062C1718E70068D4B2 /* PetBreedDataService.swift in Sources */,
				08833FFF2C09CABB000FD0BF /* PetListNoPetsYet.swift in Sources */,
				08FD87BB2C2DB40000CC9F9A /* FelineVaccineType.swift in Sources */,
				08EEF0CE2C23212A003ABFF9 /* TreatmentUnit.swift in Sources */,
				08DF543D2C1C3A86003076B1 /* FontTest.swift in Sources */,
				08833FF42C09CABB000FD0BF /* PetSpecies.swift in Sources */,
				08B585162C1855250068D4B2 /* PetBreedVariationList.swift in Sources */,
				08C0F2EE2C20214500D4C879 /* Pet+Weight.swift in Sources */,
				08B585032C1713A40068D4B2 /* PetBreed.swift in Sources */,
				080F406F2C246FDC0085CA65 /* DewormingTreatmentDetail.swift in Sources */,
			);
			runOnlyForDeploymentPostprocessing = 0;
		};
/* End PBXSourcesBuildPhase section */

/* Begin XCBuildConfiguration section */
		088794882BFB35E700635DB7 /* Debug */ = {
			isa = XCBuildConfiguration;
			buildSettings = {
				ALWAYS_SEARCH_USER_PATHS = NO;
				ASSETCATALOG_COMPILER_GENERATE_SWIFT_ASSET_SYMBOL_EXTENSIONS = YES;
				CLANG_ANALYZER_NONNULL = YES;
				CLANG_ANALYZER_NUMBER_OBJECT_CONVERSION = YES_AGGRESSIVE;
				CLANG_CXX_LANGUAGE_STANDARD = "gnu++20";
				CLANG_ENABLE_MODULES = YES;
				CLANG_ENABLE_OBJC_ARC = YES;
				CLANG_ENABLE_OBJC_WEAK = YES;
				CLANG_WARN_BLOCK_CAPTURE_AUTORELEASING = YES;
				CLANG_WARN_BOOL_CONVERSION = YES;
				CLANG_WARN_COMMA = YES;
				CLANG_WARN_CONSTANT_CONVERSION = YES;
				CLANG_WARN_DEPRECATED_OBJC_IMPLEMENTATIONS = YES;
				CLANG_WARN_DIRECT_OBJC_ISA_USAGE = YES_ERROR;
				CLANG_WARN_DOCUMENTATION_COMMENTS = YES;
				CLANG_WARN_EMPTY_BODY = YES;
				CLANG_WARN_ENUM_CONVERSION = YES;
				CLANG_WARN_INFINITE_RECURSION = YES;
				CLANG_WARN_INT_CONVERSION = YES;
				CLANG_WARN_NON_LITERAL_NULL_CONVERSION = YES;
				CLANG_WARN_OBJC_IMPLICIT_RETAIN_SELF = YES;
				CLANG_WARN_OBJC_LITERAL_CONVERSION = YES;
				CLANG_WARN_OBJC_ROOT_CLASS = YES_ERROR;
				CLANG_WARN_QUOTED_INCLUDE_IN_FRAMEWORK_HEADER = YES;
				CLANG_WARN_RANGE_LOOP_ANALYSIS = YES;
				CLANG_WARN_STRICT_PROTOTYPES = YES;
				CLANG_WARN_SUSPICIOUS_MOVE = YES;
				CLANG_WARN_UNGUARDED_AVAILABILITY = YES_AGGRESSIVE;
				CLANG_WARN_UNREACHABLE_CODE = YES;
				CLANG_WARN__DUPLICATE_METHOD_MATCH = YES;
				COPY_PHASE_STRIP = NO;
				DEBUG_INFORMATION_FORMAT = dwarf;
				ENABLE_STRICT_OBJC_MSGSEND = YES;
				ENABLE_TESTABILITY = YES;
				ENABLE_USER_SCRIPT_SANDBOXING = YES;
				GCC_C_LANGUAGE_STANDARD = gnu17;
				GCC_DYNAMIC_NO_PIC = NO;
				GCC_NO_COMMON_BLOCKS = YES;
				GCC_OPTIMIZATION_LEVEL = 0;
				GCC_PREPROCESSOR_DEFINITIONS = (
					"DEBUG=1",
					"$(inherited)",
				);
				GCC_WARN_64_TO_32_BIT_CONVERSION = YES;
				GCC_WARN_ABOUT_RETURN_TYPE = YES_ERROR;
				GCC_WARN_UNDECLARED_SELECTOR = YES;
				GCC_WARN_UNINITIALIZED_AUTOS = YES_AGGRESSIVE;
				GCC_WARN_UNUSED_FUNCTION = YES;
				GCC_WARN_UNUSED_VARIABLE = YES;
				IPHONEOS_DEPLOYMENT_TARGET = 17.0;
				LOCALIZATION_PREFERS_STRING_CATALOGS = YES;
				MTL_ENABLE_DEBUG_INFO = INCLUDE_SOURCE;
				MTL_FAST_MATH = YES;
				ONLY_ACTIVE_ARCH = YES;
				SDKROOT = iphoneos;
				SWIFT_ACTIVE_COMPILATION_CONDITIONS = "DEBUG $(inherited)";
				SWIFT_OPTIMIZATION_LEVEL = "-Onone";
			};
			name = Debug;
		};
		088794892BFB35E700635DB7 /* Release */ = {
			isa = XCBuildConfiguration;
			buildSettings = {
				ALWAYS_SEARCH_USER_PATHS = NO;
				ASSETCATALOG_COMPILER_GENERATE_SWIFT_ASSET_SYMBOL_EXTENSIONS = YES;
				CLANG_ANALYZER_NONNULL = YES;
				CLANG_ANALYZER_NUMBER_OBJECT_CONVERSION = YES_AGGRESSIVE;
				CLANG_CXX_LANGUAGE_STANDARD = "gnu++20";
				CLANG_ENABLE_MODULES = YES;
				CLANG_ENABLE_OBJC_ARC = YES;
				CLANG_ENABLE_OBJC_WEAK = YES;
				CLANG_WARN_BLOCK_CAPTURE_AUTORELEASING = YES;
				CLANG_WARN_BOOL_CONVERSION = YES;
				CLANG_WARN_COMMA = YES;
				CLANG_WARN_CONSTANT_CONVERSION = YES;
				CLANG_WARN_DEPRECATED_OBJC_IMPLEMENTATIONS = YES;
				CLANG_WARN_DIRECT_OBJC_ISA_USAGE = YES_ERROR;
				CLANG_WARN_DOCUMENTATION_COMMENTS = YES;
				CLANG_WARN_EMPTY_BODY = YES;
				CLANG_WARN_ENUM_CONVERSION = YES;
				CLANG_WARN_INFINITE_RECURSION = YES;
				CLANG_WARN_INT_CONVERSION = YES;
				CLANG_WARN_NON_LITERAL_NULL_CONVERSION = YES;
				CLANG_WARN_OBJC_IMPLICIT_RETAIN_SELF = YES;
				CLANG_WARN_OBJC_LITERAL_CONVERSION = YES;
				CLANG_WARN_OBJC_ROOT_CLASS = YES_ERROR;
				CLANG_WARN_QUOTED_INCLUDE_IN_FRAMEWORK_HEADER = YES;
				CLANG_WARN_RANGE_LOOP_ANALYSIS = YES;
				CLANG_WARN_STRICT_PROTOTYPES = YES;
				CLANG_WARN_SUSPICIOUS_MOVE = YES;
				CLANG_WARN_UNGUARDED_AVAILABILITY = YES_AGGRESSIVE;
				CLANG_WARN_UNREACHABLE_CODE = YES;
				CLANG_WARN__DUPLICATE_METHOD_MATCH = YES;
				COPY_PHASE_STRIP = NO;
				DEBUG_INFORMATION_FORMAT = "dwarf-with-dsym";
				ENABLE_NS_ASSERTIONS = NO;
				ENABLE_STRICT_OBJC_MSGSEND = YES;
				ENABLE_USER_SCRIPT_SANDBOXING = YES;
				GCC_C_LANGUAGE_STANDARD = gnu17;
				GCC_NO_COMMON_BLOCKS = YES;
				GCC_WARN_64_TO_32_BIT_CONVERSION = YES;
				GCC_WARN_ABOUT_RETURN_TYPE = YES_ERROR;
				GCC_WARN_UNDECLARED_SELECTOR = YES;
				GCC_WARN_UNINITIALIZED_AUTOS = YES_AGGRESSIVE;
				GCC_WARN_UNUSED_FUNCTION = YES;
				GCC_WARN_UNUSED_VARIABLE = YES;
				IPHONEOS_DEPLOYMENT_TARGET = 17.0;
				LOCALIZATION_PREFERS_STRING_CATALOGS = YES;
				MTL_ENABLE_DEBUG_INFO = NO;
				MTL_FAST_MATH = YES;
				SDKROOT = iphoneos;
				SWIFT_COMPILATION_MODE = wholemodule;
				VALIDATE_PRODUCT = YES;
			};
			name = Release;
		};
		0887948B2BFB35E700635DB7 /* Debug */ = {
			isa = XCBuildConfiguration;
			buildSettings = {
				ASSETCATALOG_COMPILER_APPICON_NAME = AppIcon;
				ASSETCATALOG_COMPILER_GLOBAL_ACCENT_COLOR_NAME = AccentColor;
				CODE_SIGN_STYLE = Automatic;
				CURRENT_PROJECT_VERSION = 1;
				DEVELOPMENT_ASSET_PATHS = "\"Pets/Preview Content\"";
				DEVELOPMENT_TEAM = ZP4QTMB37S;
				ENABLE_PREVIEWS = YES;
				GENERATE_INFOPLIST_FILE = YES;
				INFOPLIST_KEY_CFBundleDisplayName = Pets;
				INFOPLIST_KEY_LSApplicationCategoryType = "public.app-category.utilities";
				INFOPLIST_KEY_UIApplicationSceneManifest_Generation = YES;
				INFOPLIST_KEY_UIApplicationSupportsIndirectInputEvents = YES;
				INFOPLIST_KEY_UILaunchScreen_Generation = YES;
				INFOPLIST_KEY_UISupportedInterfaceOrientations = UIInterfaceOrientationPortrait;
				INFOPLIST_KEY_UISupportedInterfaceOrientations_iPad = "UIInterfaceOrientationLandscapeLeft UIInterfaceOrientationLandscapeRight UIInterfaceOrientationPortrait UIInterfaceOrientationPortraitUpsideDown";
				IPHONEOS_DEPLOYMENT_TARGET = 17.0;
				LD_RUNPATH_SEARCH_PATHS = (
					"$(inherited)",
					"@executable_path/Frameworks",
				);
				MARKETING_VERSION = 1.0;
				PRODUCT_BUNDLE_IDENTIFIER = dev.mzio.Pets;
				PRODUCT_NAME = "$(TARGET_NAME)";
				SWIFT_EMIT_LOC_STRINGS = YES;
				SWIFT_VERSION = 5.0;
				TARGETED_DEVICE_FAMILY = "1,2";
			};
			name = Debug;
		};
		0887948C2BFB35E700635DB7 /* Release */ = {
			isa = XCBuildConfiguration;
			buildSettings = {
				ASSETCATALOG_COMPILER_APPICON_NAME = AppIcon;
				ASSETCATALOG_COMPILER_GLOBAL_ACCENT_COLOR_NAME = AccentColor;
				CODE_SIGN_STYLE = Automatic;
				CURRENT_PROJECT_VERSION = 1;
				DEVELOPMENT_ASSET_PATHS = "\"Pets/Preview Content\"";
				DEVELOPMENT_TEAM = ZP4QTMB37S;
				ENABLE_PREVIEWS = YES;
				GENERATE_INFOPLIST_FILE = YES;
				INFOPLIST_KEY_CFBundleDisplayName = Pets;
				INFOPLIST_KEY_LSApplicationCategoryType = "public.app-category.utilities";
				INFOPLIST_KEY_UIApplicationSceneManifest_Generation = YES;
				INFOPLIST_KEY_UIApplicationSupportsIndirectInputEvents = YES;
				INFOPLIST_KEY_UILaunchScreen_Generation = YES;
				INFOPLIST_KEY_UISupportedInterfaceOrientations = UIInterfaceOrientationPortrait;
				INFOPLIST_KEY_UISupportedInterfaceOrientations_iPad = "UIInterfaceOrientationLandscapeLeft UIInterfaceOrientationLandscapeRight UIInterfaceOrientationPortrait UIInterfaceOrientationPortraitUpsideDown";
				IPHONEOS_DEPLOYMENT_TARGET = 17.0;
				LD_RUNPATH_SEARCH_PATHS = (
					"$(inherited)",
					"@executable_path/Frameworks",
				);
				MARKETING_VERSION = 1.0;
				PRODUCT_BUNDLE_IDENTIFIER = dev.mzio.Pets;
				PRODUCT_NAME = "$(TARGET_NAME)";
				SWIFT_EMIT_LOC_STRINGS = YES;
				SWIFT_VERSION = 5.0;
				TARGETED_DEVICE_FAMILY = "1,2";
			};
			name = Release;
		};
/* End XCBuildConfiguration section */

/* Begin XCConfigurationList section */
		088794772BFB35E600635DB7 /* Build configuration list for PBXProject "Pets" */ = {
			isa = XCConfigurationList;
			buildConfigurations = (
				088794882BFB35E700635DB7 /* Debug */,
				088794892BFB35E700635DB7 /* Release */,
			);
			defaultConfigurationIsVisible = 0;
			defaultConfigurationName = Release;
		};
		0887948A2BFB35E700635DB7 /* Build configuration list for PBXNativeTarget "Pets" */ = {
			isa = XCConfigurationList;
			buildConfigurations = (
				0887948B2BFB35E700635DB7 /* Debug */,
				0887948C2BFB35E700635DB7 /* Release */,
			);
			defaultConfigurationIsVisible = 0;
			defaultConfigurationName = Release;
		};
/* End XCConfigurationList section */
	};
	rootObject = 088794742BFB35E600635DB7 /* Project object */;
}
